// !$*UTF8*$!
{
	archiveVersion = 1;
	classes = {
	};
	objectVersion = 50;
	objects = {

/* Begin PBXBuildFile section */
		06C8CBA72161E74500569D6B /* AppDelegate.swift in Sources */ = {isa = PBXBuildFile; fileRef = 06C8CBA62161E74500569D6B /* AppDelegate.swift */; };
		06C8CBA92161E74500569D6B /* ViewController.swift in Sources */ = {isa = PBXBuildFile; fileRef = 06C8CBA82161E74500569D6B /* ViewController.swift */; };
		06C8CBAC2161E74500569D6B /* Main.storyboard in Resources */ = {isa = PBXBuildFile; fileRef = 06C8CBAA2161E74500569D6B /* Main.storyboard */; };
		06C8CBAE2161E74800569D6B /* Assets.xcassets in Resources */ = {isa = PBXBuildFile; fileRef = 06C8CBAD2161E74800569D6B /* Assets.xcassets */; };
		06C8CBB12161E74800569D6B /* LaunchScreen.storyboard in Resources */ = {isa = PBXBuildFile; fileRef = 06C8CBAF2161E74800569D6B /* LaunchScreen.storyboard */; };
		06C8CBBC2161E74800569D6B /* ex00Tests.swift in Sources */ = {isa = PBXBuildFile; fileRef = 06C8CBBB2161E74800569D6B /* ex00Tests.swift */; };
		06C8CBC72161E74800569D6B /* ex00UITests.swift in Sources */ = {isa = PBXBuildFile; fileRef = 06C8CBC62161E74800569D6B /* ex00UITests.swift */; };
/* End PBXBuildFile section */

/* Begin PBXContainerItemProxy section */
		06C8CBB82161E74800569D6B /* PBXContainerItemProxy */ = {
			isa = PBXContainerItemProxy;
			containerPortal = 06C8CB9B2161E74500569D6B /* Project object */;
			proxyType = 1;
			remoteGlobalIDString = 06C8CBA22161E74500569D6B;
			remoteInfo = ex00;
		};
		06C8CBC32161E74800569D6B /* PBXContainerItemProxy */ = {
			isa = PBXContainerItemProxy;
			containerPortal = 06C8CB9B2161E74500569D6B /* Project object */;
			proxyType = 1;
			remoteGlobalIDString = 06C8CBA22161E74500569D6B;
			remoteInfo = ex00;
		};
/* End PBXContainerItemProxy section */

/* Begin PBXFileReference section */
		06C8CBA32161E74500569D6B /* ex00.app */ = {isa = PBXFileReference; explicitFileType = wrapper.application; includeInIndex = 0; path = ex00.app; sourceTree = BUILT_PRODUCTS_DIR; };
		06C8CBA62161E74500569D6B /* AppDelegate.swift */ = {isa = PBXFileReference; lastKnownFileType = sourcecode.swift; path = AppDelegate.swift; sourceTree = "<group>"; };
		06C8CBA82161E74500569D6B /* ViewController.swift */ = {isa = PBXFileReference; lastKnownFileType = sourcecode.swift; path = ViewController.swift; sourceTree = "<group>"; };
		06C8CBAB2161E74500569D6B /* Base */ = {isa = PBXFileReference; lastKnownFileType = file.storyboard; name = Base; path = Base.lproj/Main.storyboard; sourceTree = "<group>"; };
		06C8CBAD2161E74800569D6B /* Assets.xcassets */ = {isa = PBXFileReference; lastKnownFileType = folder.assetcatalog; path = Assets.xcassets; sourceTree = "<group>"; };
		06C8CBB02161E74800569D6B /* Base */ = {isa = PBXFileReference; lastKnownFileType = file.storyboard; name = Base; path = Base.lproj/LaunchScreen.storyboard; sourceTree = "<group>"; };
		06C8CBB22161E74800569D6B /* Info.plist */ = {isa = PBXFileReference; lastKnownFileType = text.plist.xml; path = Info.plist; sourceTree = "<group>"; };
		06C8CBB72161E74800569D6B /* ex00Tests.xctest */ = {isa = PBXFileReference; explicitFileType = wrapper.cfbundle; includeInIndex = 0; path = ex00Tests.xctest; sourceTree = BUILT_PRODUCTS_DIR; };
		06C8CBBB2161E74800569D6B /* ex00Tests.swift */ = {isa = PBXFileReference; lastKnownFileType = sourcecode.swift; path = ex00Tests.swift; sourceTree = "<group>"; };
		06C8CBBD2161E74800569D6B /* Info.plist */ = {isa = PBXFileReference; lastKnownFileType = text.plist.xml; path = Info.plist; sourceTree = "<group>"; };
		06C8CBC22161E74800569D6B /* ex00UITests.xctest */ = {isa = PBXFileReference; explicitFileType = wrapper.cfbundle; includeInIndex = 0; path = ex00UITests.xctest; sourceTree = BUILT_PRODUCTS_DIR; };
		06C8CBC62161E74800569D6B /* ex00UITests.swift */ = {isa = PBXFileReference; lastKnownFileType = sourcecode.swift; path = ex00UITests.swift; sourceTree = "<group>"; };
		06C8CBC82161E74800569D6B /* Info.plist */ = {isa = PBXFileReference; lastKnownFileType = text.plist.xml; path = Info.plist; sourceTree = "<group>"; };
/* End PBXFileReference section */

/* Begin PBXFrameworksBuildPhase section */
		06C8CBA02161E74500569D6B /* Frameworks */ = {
			isa = PBXFrameworksBuildPhase;
			buildActionMask = 2147483647;
			files = (
			);
			runOnlyForDeploymentPostprocessing = 0;
		};
		06C8CBB42161E74800569D6B /* Frameworks */ = {
			isa = PBXFrameworksBuildPhase;
			buildActionMask = 2147483647;
			files = (
			);
			runOnlyForDeploymentPostprocessing = 0;
		};
		06C8CBBF2161E74800569D6B /* Frameworks */ = {
			isa = PBXFrameworksBuildPhase;
			buildActionMask = 2147483647;
			files = (
			);
			runOnlyForDeploymentPostprocessing = 0;
		};
/* End PBXFrameworksBuildPhase section */

/* Begin PBXGroup section */
		06C8CB9A2161E74500569D6B = {
			isa = PBXGroup;
			children = (
				06C8CBA52161E74500569D6B /* ex00 */,
				06C8CBBA2161E74800569D6B /* ex00Tests */,
				06C8CBC52161E74800569D6B /* ex00UITests */,
				06C8CBA42161E74500569D6B /* Products */,
			);
			sourceTree = "<group>";
		};
		06C8CBA42161E74500569D6B /* Products */ = {
			isa = PBXGroup;
			children = (
				06C8CBA32161E74500569D6B /* ex00.app */,
				06C8CBB72161E74800569D6B /* ex00Tests.xctest */,
				06C8CBC22161E74800569D6B /* ex00UITests.xctest */,
			);
			name = Products;
			sourceTree = "<group>";
		};
		06C8CBA52161E74500569D6B /* ex00 */ = {
			isa = PBXGroup;
			children = (
				06C8CBA62161E74500569D6B /* AppDelegate.swift */,
				06C8CBA82161E74500569D6B /* ViewController.swift */,
				06C8CBAA2161E74500569D6B /* Main.storyboard */,
				06C8CBAD2161E74800569D6B /* Assets.xcassets */,
				06C8CBAF2161E74800569D6B /* LaunchScreen.storyboard */,
				06C8CBB22161E74800569D6B /* Info.plist */,
			);
			path = ex00;
			sourceTree = "<group>";
		};
		06C8CBBA2161E74800569D6B /* ex00Tests */ = {
			isa = PBXGroup;
			children = (
				06C8CBBB2161E74800569D6B /* ex00Tests.swift */,
				06C8CBBD2161E74800569D6B /* Info.plist */,
			);
			path = ex00Tests;
			sourceTree = "<group>";
		};
		06C8CBC52161E74800569D6B /* ex00UITests */ = {
			isa = PBXGroup;
			children = (
				06C8CBC62161E74800569D6B /* ex00UITests.swift */,
				06C8CBC82161E74800569D6B /* Info.plist */,
			);
			path = ex00UITests;
			sourceTree = "<group>";
		};
/* End PBXGroup section */

/* Begin PBXNativeTarget section */
		06C8CBA22161E74500569D6B /* ex00 */ = {
			isa = PBXNativeTarget;
			buildConfigurationList = 06C8CBCB2161E74800569D6B /* Build configuration list for PBXNativeTarget "ex00" */;
			buildPhases = (
				06C8CB9F2161E74500569D6B /* Sources */,
				06C8CBA02161E74500569D6B /* Frameworks */,
				06C8CBA12161E74500569D6B /* Resources */,
			);
			buildRules = (
			);
			dependencies = (
			);
			name = ex00;
			productName = ex00;
			productReference = 06C8CBA32161E74500569D6B /* ex00.app */;
			productType = "com.apple.product-type.application";
		};
		06C8CBB62161E74800569D6B /* ex00Tests */ = {
			isa = PBXNativeTarget;
			buildConfigurationList = 06C8CBCE2161E74800569D6B /* Build configuration list for PBXNativeTarget "ex00Tests" */;
			buildPhases = (
				06C8CBB32161E74800569D6B /* Sources */,
				06C8CBB42161E74800569D6B /* Frameworks */,
				06C8CBB52161E74800569D6B /* Resources */,
			);
			buildRules = (
			);
			dependencies = (
				06C8CBB92161E74800569D6B /* PBXTargetDependency */,
			);
			name = ex00Tests;
			productName = ex00Tests;
			productReference = 06C8CBB72161E74800569D6B /* ex00Tests.xctest */;
			productType = "com.apple.product-type.bundle.unit-test";
		};
		06C8CBC12161E74800569D6B /* ex00UITests */ = {
			isa = PBXNativeTarget;
			buildConfigurationList = 06C8CBD12161E74800569D6B /* Build configuration list for PBXNativeTarget "ex00UITests" */;
			buildPhases = (
				06C8CBBE2161E74800569D6B /* Sources */,
				06C8CBBF2161E74800569D6B /* Frameworks */,
				06C8CBC02161E74800569D6B /* Resources */,
			);
			buildRules = (
			);
			dependencies = (
				06C8CBC42161E74800569D6B /* PBXTargetDependency */,
			);
			name = ex00UITests;
			productName = ex00UITests;
			productReference = 06C8CBC22161E74800569D6B /* ex00UITests.xctest */;
			productType = "com.apple.product-type.bundle.ui-testing";
		};
/* End PBXNativeTarget section */

/* Begin PBXProject section */
		06C8CB9B2161E74500569D6B /* Project object */ = {
			isa = PBXProject;
			attributes = {
				LastSwiftUpdateCheck = 0940;
				LastUpgradeCheck = 0940;
				ORGANIZATIONNAME = "Melissa NAIDOO";
				TargetAttributes = {
					06C8CBA22161E74500569D6B = {
						CreatedOnToolsVersion = 9.4.1;
					};
					06C8CBB62161E74800569D6B = {
						CreatedOnToolsVersion = 9.4.1;
						TestTargetID = 06C8CBA22161E74500569D6B;
					};
					06C8CBC12161E74800569D6B = {
						CreatedOnToolsVersion = 9.4.1;
						TestTargetID = 06C8CBA22161E74500569D6B;
					};
				};
			};
			buildConfigurationList = 06C8CB9E2161E74500569D6B /* Build configuration list for PBXProject "ex00" */;
			compatibilityVersion = "Xcode 9.3";
			developmentRegion = en;
			hasScannedForEncodings = 0;
			knownRegions = (
				en,
				Base,
			);
			mainGroup = 06C8CB9A2161E74500569D6B;
			productRefGroup = 06C8CBA42161E74500569D6B /* Products */;
			projectDirPath = "";
			projectRoot = "";
			targets = (
				06C8CBA22161E74500569D6B /* ex00 */,
				06C8CBB62161E74800569D6B /* ex00Tests */,
				06C8CBC12161E74800569D6B /* ex00UITests */,
			);
		};
/* End PBXProject section */

/* Begin PBXResourcesBuildPhase section */
		06C8CBA12161E74500569D6B /* Resources */ = {
			isa = PBXResourcesBuildPhase;
			buildActionMask = 2147483647;
			files = (
				06C8CBB12161E74800569D6B /* LaunchScreen.storyboard in Resources */,
				06C8CBAE2161E74800569D6B /* Assets.xcassets in Resources */,
				06C8CBAC2161E74500569D6B /* Main.storyboard in Resources */,
			);
			runOnlyForDeploymentPostprocessing = 0;
		};
		06C8CBB52161E74800569D6B /* Resources */ = {
			isa = PBXResourcesBuildPhase;
			buildActionMask = 2147483647;
			files = (
			);
			runOnlyForDeploymentPostprocessing = 0;
		};
		06C8CBC02161E74800569D6B /* Resources */ = {
			isa = PBXResourcesBuildPhase;
			buildActionMask = 2147483647;
			files = (
			);
			runOnlyForDeploymentPostprocessing = 0;
		};
/* End PBXResourcesBuildPhase section */

/* Begin PBXSourcesBuildPhase section */
		06C8CB9F2161E74500569D6B /* Sources */ = {
			isa = PBXSourcesBuildPhase;
			buildActionMask = 2147483647;
			files = (
				06C8CBA92161E74500569D6B /* ViewController.swift in Sources */,
				06C8CBA72161E74500569D6B /* AppDelegate.swift in Sources */,
			);
			runOnlyForDeploymentPostprocessing = 0;
		};
		06C8CBB32161E74800569D6B /* Sources */ = {
			isa = PBXSourcesBuildPhase;
			buildActionMask = 2147483647;
			files = (
				06C8CBBC2161E74800569D6B /* ex00Tests.swift in Sources */,
			);
			runOnlyForDeploymentPostprocessing = 0;
		};
		06C8CBBE2161E74800569D6B /* Sources */ = {
			isa = PBXSourcesBuildPhase;
			buildActionMask = 2147483647;
			files = (
				06C8CBC72161E74800569D6B /* ex00UITests.swift in Sources */,
			);
			runOnlyForDeploymentPostprocessing = 0;
		};
/* End PBXSourcesBuildPhase section */

/* Begin PBXTargetDependency section */
		06C8CBB92161E74800569D6B /* PBXTargetDependency */ = {
			isa = PBXTargetDependency;
			target = 06C8CBA22161E74500569D6B /* ex00 */;
			targetProxy = 06C8CBB82161E74800569D6B /* PBXContainerItemProxy */;
		};
		06C8CBC42161E74800569D6B /* PBXTargetDependency */ = {
			isa = PBXTargetDependency;
			target = 06C8CBA22161E74500569D6B /* ex00 */;
			targetProxy = 06C8CBC32161E74800569D6B /* PBXContainerItemProxy */;
		};
/* End PBXTargetDependency section */

/* Begin PBXVariantGroup section */
		06C8CBAA2161E74500569D6B /* Main.storyboard */ = {
			isa = PBXVariantGroup;
			children = (
				06C8CBAB2161E74500569D6B /* Base */,
			);
			name = Main.storyboard;
			sourceTree = "<group>";
		};
		06C8CBAF2161E74800569D6B /* LaunchScreen.storyboard */ = {
			isa = PBXVariantGroup;
			children = (
				06C8CBB02161E74800569D6B /* Base */,
			);
			name = LaunchScreen.storyboard;
			sourceTree = "<group>";
		};
/* End PBXVariantGroup section */

/* Begin XCBuildConfiguration section */
		06C8CBC92161E74800569D6B /* Debug */ = {
			isa = XCBuildConfiguration;
			buildSettings = {
				ALWAYS_SEARCH_USER_PATHS = NO;
				CLANG_ANALYZER_NONNULL = YES;
				CLANG_ANALYZER_NUMBER_OBJECT_CONVERSION = YES_AGGRESSIVE;
				CLANG_CXX_LANGUAGE_STANDARD = "gnu++14";
				CLANG_CXX_LIBRARY = "libc++";
				CLANG_ENABLE_MODULES = YES;
				CLANG_ENABLE_OBJC_ARC = YES;
				CLANG_ENABLE_OBJC_WEAK = YES;
				CLANG_WARN_BLOCK_CAPTURE_AUTORELEASING = YES;
				CLANG_WARN_BOOL_CONVERSION = YES;
				CLANG_WARN_COMMA = YES;
				CLANG_WARN_CONSTANT_CONVERSION = YES;
				CLANG_WARN_DEPRECATED_OBJC_IMPLEMENTATIONS = YES;
				CLANG_WARN_DIRECT_OBJC_ISA_USAGE = YES_ERROR;
				CLANG_WARN_DOCUMENTATION_COMMENTS = YES;
				CLANG_WARN_EMPTY_BODY = YES;
				CLANG_WARN_ENUM_CONVERSION = YES;
				CLANG_WARN_INFINITE_RECURSION = YES;
				CLANG_WARN_INT_CONVERSION = YES;
				CLANG_WARN_NON_LITERAL_NULL_CONVERSION = YES;
				CLANG_WARN_OBJC_IMPLICIT_RETAIN_SELF = YES;
				CLANG_WARN_OBJC_LITERAL_CONVERSION = YES;
				CLANG_WARN_OBJC_ROOT_CLASS = YES_ERROR;
				CLANG_WARN_RANGE_LOOP_ANALYSIS = YES;
				CLANG_WARN_STRICT_PROTOTYPES = YES;
				CLANG_WARN_SUSPICIOUS_MOVE = YES;
				CLANG_WARN_UNGUARDED_AVAILABILITY = YES_AGGRESSIVE;
				CLANG_WARN_UNREACHABLE_CODE = YES;
				CLANG_WARN__DUPLICATE_METHOD_MATCH = YES;
				CODE_SIGN_IDENTITY = "iPhone Developer";
				COPY_PHASE_STRIP = NO;
				DEBUG_INFORMATION_FORMAT = dwarf;
				ENABLE_STRICT_OBJC_MSGSEND = YES;
				ENABLE_TESTABILITY = YES;
				GCC_C_LANGUAGE_STANDARD = gnu11;
				GCC_DYNAMIC_NO_PIC = NO;
				GCC_NO_COMMON_BLOCKS = YES;
				GCC_OPTIMIZATION_LEVEL = 0;
				GCC_PREPROCESSOR_DEFINITIONS = (
					"DEBUG=1",
					"$(inherited)",
				);
				GCC_WARN_64_TO_32_BIT_CONVERSION = YES;
				GCC_WARN_ABOUT_RETURN_TYPE = YES_ERROR;
				GCC_WARN_UNDECLARED_SELECTOR = YES;
				GCC_WARN_UNINITIALIZED_AUTOS = YES_AGGRESSIVE;
				GCC_WARN_UNUSED_FUNCTION = YES;
				GCC_WARN_UNUSED_VARIABLE = YES;
				IPHONEOS_DEPLOYMENT_TARGET = 11.4;
				MTL_ENABLE_DEBUG_INFO = YES;
				ONLY_ACTIVE_ARCH = YES;
				SDKROOT = iphoneos;
				SWIFT_ACTIVE_COMPILATION_CONDITIONS = DEBUG;
				SWIFT_OPTIMIZATION_LEVEL = "-Onone";
			};
			name = Debug;
		};
		06C8CBCA2161E74800569D6B /* Release */ = {
			isa = XCBuildConfiguration;
			buildSettings = {
				ALWAYS_SEARCH_USER_PATHS = NO;
				CLANG_ANALYZER_NONNULL = YES;
				CLANG_ANALYZER_NUMBER_OBJECT_CONVERSION = YES_AGGRESSIVE;
				CLANG_CXX_LANGUAGE_STANDARD = "gnu++14";
				CLANG_CXX_LIBRARY = "libc++";
				CLANG_ENABLE_MODULES = YES;
				CLANG_ENABLE_OBJC_ARC = YES;
				CLANG_ENABLE_OBJC_WEAK = YES;
				CLANG_WARN_BLOCK_CAPTURE_AUTORELEASING = YES;
				CLANG_WARN_BOOL_CONVERSION = YES;
				CLANG_WARN_COMMA = YES;
				CLANG_WARN_CONSTANT_CONVERSION = YES;
				CLANG_WARN_DEPRECATED_OBJC_IMPLEMENTATIONS = YES;
				CLANG_WARN_DIRECT_OBJC_ISA_USAGE = YES_ERROR;
				CLANG_WARN_DOCUMENTATION_COMMENTS = YES;
				CLANG_WARN_EMPTY_BODY = YES;
				CLANG_WARN_ENUM_CONVERSION = YES;
				CLANG_WARN_INFINITE_RECURSION = YES;
				CLANG_WARN_INT_CONVERSION = YES;
				CLANG_WARN_NON_LITERAL_NULL_CONVERSION = YES;
				CLANG_WARN_OBJC_IMPLICIT_RETAIN_SELF = YES;
				CLANG_WARN_OBJC_LITERAL_CONVERSION = YES;
				CLANG_WARN_OBJC_ROOT_CLASS = YES_ERROR;
				CLANG_WARN_RANGE_LOOP_ANALYSIS = YES;
				CLANG_WARN_STRICT_PROTOTYPES = YES;
				CLANG_WARN_SUSPICIOUS_MOVE = YES;
				CLANG_WARN_UNGUARDED_AVAILABILITY = YES_AGGRESSIVE;
				CLANG_WARN_UNREACHABLE_CODE = YES;
				CLANG_WARN__DUPLICATE_METHOD_MATCH = YES;
				CODE_SIGN_IDENTITY = "iPhone Developer";
				COPY_PHASE_STRIP = NO;
				DEBUG_INFORMATION_FORMAT = "dwarf-with-dsym";
				ENABLE_NS_ASSERTIONS = NO;
				ENABLE_STRICT_OBJC_MSGSEND = YES;
				GCC_C_LANGUAGE_STANDARD = gnu11;
				GCC_NO_COMMON_BLOCKS = YES;
				GCC_WARN_64_TO_32_BIT_CONVERSION = YES;
				GCC_WARN_ABOUT_RETURN_TYPE = YES_ERROR;
				GCC_WARN_UNDECLARED_SELECTOR = YES;
				GCC_WARN_UNINITIALIZED_AUTOS = YES_AGGRESSIVE;
				GCC_WARN_UNUSED_FUNCTION = YES;
				GCC_WARN_UNUSED_VARIABLE = YES;
				IPHONEOS_DEPLOYMENT_TARGET = 11.4;
				MTL_ENABLE_DEBUG_INFO = NO;
				SDKROOT = iphoneos;
				SWIFT_COMPILATION_MODE = wholemodule;
				SWIFT_OPTIMIZATION_LEVEL = "-O";
				VALIDATE_PRODUCT = YES;
			};
			name = Release;
		};
		06C8CBCC2161E74800569D6B /* Debug */ = {
			isa = XCBuildConfiguration;
			buildSettings = {
				ASSETCATALOG_COMPILER_APPICON_NAME = AppIcon;
				CODE_SIGN_STYLE = Automatic;
				INFOPLIST_FILE = ex00/Info.plist;
				LD_RUNPATH_SEARCH_PATHS = (
					"$(inherited)",
					"@executable_path/Frameworks",
				);
				PRODUCT_BUNDLE_IDENTIFIER = com.mnaidoo.ex00;
				PRODUCT_NAME = "$(TARGET_NAME)";
				SWIFT_VERSION = 4.0;
				TARGETED_DEVICE_FAMILY = "1,2";
			};
			name = Debug;
		};
		06C8CBCD2161E74800569D6B /* Release */ = {
			isa = XCBuildConfiguration;
			buildSettings = {
				ASSETCATALOG_COMPILER_APPICON_NAME = AppIcon;
				CODE_SIGN_STYLE = Automatic;
				INFOPLIST_FILE = ex00/Info.plist;
				LD_RUNPATH_SEARCH_PATHS = (
					"$(inherited)",
					"@executable_path/Frameworks",
				);
				PRODUCT_BUNDLE_IDENTIFIER = com.mnaidoo.ex00;
				PRODUCT_NAME = "$(TARGET_NAME)";
				SWIFT_VERSION = 4.0;
				TARGETED_DEVICE_FAMILY = "1,2";
			};
			name = Release;
		};
		06C8CBCF2161E74800569D6B /* Debug */ = {
			isa = XCBuildConfiguration;
			buildSettings = {
				ALWAYS_EMBED_SWIFT_STANDARD_LIBRARIES = YES;
				BUNDLE_LOADER = "$(TEST_HOST)";
				CODE_SIGN_STYLE = Automatic;
				INFOPLIST_FILE = ex00Tests/Info.plist;
				LD_RUNPATH_SEARCH_PATHS = (
					"$(inherited)",
					"@executable_path/Frameworks",
					"@loader_path/Frameworks",
				);
				PRODUCT_BUNDLE_IDENTIFIER = com.mnaidoo.ex00Tests;
				PRODUCT_NAME = "$(TARGET_NAME)";
				SWIFT_VERSION = 4.0;
				TARGETED_DEVICE_FAMILY = "1,2";
				TEST_HOST = "$(BUILT_PRODUCTS_DIR)/ex00.app/ex00";
			};
			name = Debug;
		};
		06C8CBD02161E74800569D6B /* Release */ = {
			isa = XCBuildConfiguration;
			buildSettings = {
				ALWAYS_EMBED_SWIFT_STANDARD_LIBRARIES = YES;
				BUNDLE_LOADER = "$(TEST_HOST)";
				CODE_SIGN_STYLE = Automatic;
				INFOPLIST_FILE = ex00Tests/Info.plist;
				LD_RUNPATH_SEARCH_PATHS = (
					"$(inherited)",
					"@executable_path/Frameworks",
					"@loader_path/Frameworks",
				);
				PRODUCT_BUNDLE_IDENTIFIER = com.mnaidoo.ex00Tests;
				PRODUCT_NAME = "$(TARGET_NAME)";
				SWIFT_VERSION = 4.0;
				TARGETED_DEVICE_FAMILY = "1,2";
				TEST_HOST = "$(BUILT_PRODUCTS_DIR)/ex00.app/ex00";
			};
			name = Release;
		};
		06C8CBD22161E74800569D6B /* Debug */ = {
			isa = XCBuildConfiguration;
			buildSettings = {
				ALWAYS_EMBED_SWIFT_STANDARD_LIBRARIES = YES;
				CODE_SIGN_STYLE = Automatic;
				INFOPLIST_FILE = ex00UITests/Info.plist;
				LD_RUNPATH_SEARCH_PATHS = (
					"$(inherited)",
					"@executable_path/Frameworks",
					"@loader_path/Frameworks",
				);
				PRODUCT_BUNDLE_IDENTIFIER = com.mnaidoo.ex00UITests;
				PRODUCT_NAME = "$(TARGET_NAME)";
				SWIFT_VERSION = 4.0;
				TARGETED_DEVICE_FAMILY = "1,2";
				TEST_TARGET_NAME = ex00;
			};
			name = Debug;
		};
		06C8CBD32161E74800569D6B /* Release */ = {
			isa = XCBuildConfiguration;
			buildSettings = {
				ALWAYS_EMBED_SWIFT_STANDARD_LIBRARIES = YES;
				CODE_SIGN_STYLE = Automatic;
				INFOPLIST_FILE = ex00UITests/Info.plist;
				LD_RUNPATH_SEARCH_PATHS = (
					"$(inherited)",
					"@executable_path/Frameworks",
					"@loader_path/Frameworks",
				);
				PRODUCT_BUNDLE_IDENTIFIER = com.mnaidoo.ex00UITests;
				PRODUCT_NAME = "$(TARGET_NAME)";
				SWIFT_VERSION = 4.0;
				TARGETED_DEVICE_FAMILY = "1,2";
				TEST_TARGET_NAME = ex00;
			};
			name = Release;
		};
/* End XCBuildConfiguration section */

/* Begin XCConfigurationList section */
		06C8CB9E2161E74500569D6B /* Build configuration list for PBXProject "ex00" */ = {
			isa = XCConfigurationList;
			buildConfigurations = (
				06C8CBC92161E74800569D6B /* Debug */,
				06C8CBCA2161E74800569D6B /* Release */,
			);
			defaultConfigurationIsVisible = 0;
			defaultConfigurationName = Release;
		};
		06C8CBCB2161E74800569D6B /* Build configuration list for PBXNativeTarget "ex00" */ = {
			isa = XCConfigurationList;
			buildConfigurations = (
				06C8CBCC2161E74800569D6B /* Debug */,
				06C8CBCD2161E74800569D6B /* Release */,
			);
			defaultConfigurationIsVisible = 0;
			defaultConfigurationName = Release;
		};
		06C8CBCE2161E74800569D6B /* Build configuration list for PBXNativeTarget "ex00Tests" */ = {
			isa = XCConfigurationList;
			buildConfigurations = (
				06C8CBCF2161E74800569D6B /* Debug */,
				06C8CBD02161E74800569D6B /* Release */,
			);
			defaultConfigurationIsVisible = 0;
			defaultConfigurationName = Release;
		};
		06C8CBD12161E74800569D6B /* Build configuration list for PBXNativeTarget "ex00UITests" */ = {
			isa = XCConfigurationList;
			buildConfigurations = (
				06C8CBD22161E74800569D6B /* Debug */,
				06C8CBD32161E74800569D6B /* Release */,
			);
			defaultConfigurationIsVisible = 0;
			defaultConfigurationName = Release;
		};
/* End XCConfigurationList section */
	};
	rootObject = 06C8CB9B2161E74500569D6B /* Project object */;
}
