// !$*UTF8*$!
{
	archiveVersion = 1;
	classes = {
	};
	objectVersion = 50;
	objects = {

/* Begin PBXBuildFile section */
		06C8CBE12161F3A400569D6B /* AppDelegate.swift in Sources */ = {isa = PBXBuildFile; fileRef = 06C8CBE02161F3A400569D6B /* AppDelegate.swift */; };
		06C8CBE32161F3A400569D6B /* ViewController.swift in Sources */ = {isa = PBXBuildFile; fileRef = 06C8CBE22161F3A400569D6B /* ViewController.swift */; };
		06C8CBE62161F3A400569D6B /* Main.storyboard in Resources */ = {isa = PBXBuildFile; fileRef = 06C8CBE42161F3A400569D6B /* Main.storyboard */; };
		06C8CBE82161F3A600569D6B /* Assets.xcassets in Resources */ = {isa = PBXBuildFile; fileRef = 06C8CBE72161F3A600569D6B /* Assets.xcassets */; };
		06C8CBEB2161F3A600569D6B /* LaunchScreen.storyboard in Resources */ = {isa = PBXBuildFile; fileRef = 06C8CBE92161F3A600569D6B /* LaunchScreen.storyboard */; };
		06C8CBF62161F3A600569D6B /* ex01Tests.swift in Sources */ = {isa = PBXBuildFile; fileRef = 06C8CBF52161F3A600569D6B /* ex01Tests.swift */; };
		06C8CC012161F3A600569D6B /* ex01UITests.swift in Sources */ = {isa = PBXBuildFile; fileRef = 06C8CC002161F3A600569D6B /* ex01UITests.swift */; };
/* End PBXBuildFile section */

/* Begin PBXContainerItemProxy section */
		06C8CBF22161F3A600569D6B /* PBXContainerItemProxy */ = {
			isa = PBXContainerItemProxy;
			containerPortal = 06C8CBD52161F3A400569D6B /* Project object */;
			proxyType = 1;
			remoteGlobalIDString = 06C8CBDC2161F3A400569D6B;
			remoteInfo = ex01;
		};
		06C8CBFD2161F3A600569D6B /* PBXContainerItemProxy */ = {
			isa = PBXContainerItemProxy;
			containerPortal = 06C8CBD52161F3A400569D6B /* Project object */;
			proxyType = 1;
			remoteGlobalIDString = 06C8CBDC2161F3A400569D6B;
			remoteInfo = ex01;
		};
/* End PBXContainerItemProxy section */

/* Begin PBXFileReference section */
		06C8CBDD2161F3A400569D6B /* ex01.app */ = {isa = PBXFileReference; explicitFileType = wrapper.application; includeInIndex = 0; path = ex01.app; sourceTree = BUILT_PRODUCTS_DIR; };
		06C8CBE02161F3A400569D6B /* AppDelegate.swift */ = {isa = PBXFileReference; lastKnownFileType = sourcecode.swift; path = AppDelegate.swift; sourceTree = "<group>"; };
		06C8CBE22161F3A400569D6B /* ViewController.swift */ = {isa = PBXFileReference; lastKnownFileType = sourcecode.swift; path = ViewController.swift; sourceTree = "<group>"; };
		06C8CBE52161F3A400569D6B /* Base */ = {isa = PBXFileReference; lastKnownFileType = file.storyboard; name = Base; path = Base.lproj/Main.storyboard; sourceTree = "<group>"; };
		06C8CBE72161F3A600569D6B /* Assets.xcassets */ = {isa = PBXFileReference; lastKnownFileType = folder.assetcatalog; path = Assets.xcassets; sourceTree = "<group>"; };
		06C8CBEA2161F3A600569D6B /* Base */ = {isa = PBXFileReference; lastKnownFileType = file.storyboard; name = Base; path = Base.lproj/LaunchScreen.storyboard; sourceTree = "<group>"; };
		06C8CBEC2161F3A600569D6B /* Info.plist */ = {isa = PBXFileReference; lastKnownFileType = text.plist.xml; path = Info.plist; sourceTree = "<group>"; };
		06C8CBF12161F3A600569D6B /* ex01Tests.xctest */ = {isa = PBXFileReference; explicitFileType = wrapper.cfbundle; includeInIndex = 0; path = ex01Tests.xctest; sourceTree = BUILT_PRODUCTS_DIR; };
		06C8CBF52161F3A600569D6B /* ex01Tests.swift */ = {isa = PBXFileReference; lastKnownFileType = sourcecode.swift; path = ex01Tests.swift; sourceTree = "<group>"; };
		06C8CBF72161F3A600569D6B /* Info.plist */ = {isa = PBXFileReference; lastKnownFileType = text.plist.xml; path = Info.plist; sourceTree = "<group>"; };
		06C8CBFC2161F3A600569D6B /* ex01UITests.xctest */ = {isa = PBXFileReference; explicitFileType = wrapper.cfbundle; includeInIndex = 0; path = ex01UITests.xctest; sourceTree = BUILT_PRODUCTS_DIR; };
		06C8CC002161F3A600569D6B /* ex01UITests.swift */ = {isa = PBXFileReference; lastKnownFileType = sourcecode.swift; path = ex01UITests.swift; sourceTree = "<group>"; };
		06C8CC022161F3A600569D6B /* Info.plist */ = {isa = PBXFileReference; lastKnownFileType = text.plist.xml; path = Info.plist; sourceTree = "<group>"; };
/* End PBXFileReference section */

/* Begin PBXFrameworksBuildPhase section */
		06C8CBDA2161F3A400569D6B /* Frameworks */ = {
			isa = PBXFrameworksBuildPhase;
			buildActionMask = 2147483647;
			files = (
			);
			runOnlyForDeploymentPostprocessing = 0;
		};
		06C8CBEE2161F3A600569D6B /* Frameworks */ = {
			isa = PBXFrameworksBuildPhase;
			buildActionMask = 2147483647;
			files = (
			);
			runOnlyForDeploymentPostprocessing = 0;
		};
		06C8CBF92161F3A600569D6B /* Frameworks */ = {
			isa = PBXFrameworksBuildPhase;
			buildActionMask = 2147483647;
			files = (
			);
			runOnlyForDeploymentPostprocessing = 0;
		};
/* End PBXFrameworksBuildPhase section */

/* Begin PBXGroup section */
		06C8CBD42161F3A400569D6B = {
			isa = PBXGroup;
			children = (
				06C8CBDF2161F3A400569D6B /* ex01 */,
				06C8CBF42161F3A600569D6B /* ex01Tests */,
				06C8CBFF2161F3A600569D6B /* ex01UITests */,
				06C8CBDE2161F3A400569D6B /* Products */,
			);
			sourceTree = "<group>";
		};
		06C8CBDE2161F3A400569D6B /* Products */ = {
			isa = PBXGroup;
			children = (
				06C8CBDD2161F3A400569D6B /* ex01.app */,
				06C8CBF12161F3A600569D6B /* ex01Tests.xctest */,
				06C8CBFC2161F3A600569D6B /* ex01UITests.xctest */,
			);
			name = Products;
			sourceTree = "<group>";
		};
		06C8CBDF2161F3A400569D6B /* ex01 */ = {
			isa = PBXGroup;
			children = (
				06C8CBE02161F3A400569D6B /* AppDelegate.swift */,
				06C8CBE22161F3A400569D6B /* ViewController.swift */,
				06C8CBE42161F3A400569D6B /* Main.storyboard */,
				06C8CBE72161F3A600569D6B /* Assets.xcassets */,
				06C8CBE92161F3A600569D6B /* LaunchScreen.storyboard */,
				06C8CBEC2161F3A600569D6B /* Info.plist */,
			);
			path = ex01;
			sourceTree = "<group>";
		};
		06C8CBF42161F3A600569D6B /* ex01Tests */ = {
			isa = PBXGroup;
			children = (
				06C8CBF52161F3A600569D6B /* ex01Tests.swift */,
				06C8CBF72161F3A600569D6B /* Info.plist */,
			);
			path = ex01Tests;
			sourceTree = "<group>";
		};
		06C8CBFF2161F3A600569D6B /* ex01UITests */ = {
			isa = PBXGroup;
			children = (
				06C8CC002161F3A600569D6B /* ex01UITests.swift */,
				06C8CC022161F3A600569D6B /* Info.plist */,
			);
			path = ex01UITests;
			sourceTree = "<group>";
		};
/* End PBXGroup section */

/* Begin PBXNativeTarget section */
		06C8CBDC2161F3A400569D6B /* ex01 */ = {
			isa = PBXNativeTarget;
			buildConfigurationList = 06C8CC052161F3A600569D6B /* Build configuration list for PBXNativeTarget "ex01" */;
			buildPhases = (
				06C8CBD92161F3A400569D6B /* Sources */,
				06C8CBDA2161F3A400569D6B /* Frameworks */,
				06C8CBDB2161F3A400569D6B /* Resources */,
			);
			buildRules = (
			);
			dependencies = (
			);
			name = ex01;
			productName = ex01;
			productReference = 06C8CBDD2161F3A400569D6B /* ex01.app */;
			productType = "com.apple.product-type.application";
		};
		06C8CBF02161F3A600569D6B /* ex01Tests */ = {
			isa = PBXNativeTarget;
			buildConfigurationList = 06C8CC082161F3A600569D6B /* Build configuration list for PBXNativeTarget "ex01Tests" */;
			buildPhases = (
				06C8CBED2161F3A600569D6B /* Sources */,
				06C8CBEE2161F3A600569D6B /* Frameworks */,
				06C8CBEF2161F3A600569D6B /* Resources */,
			);
			buildRules = (
			);
			dependencies = (
				06C8CBF32161F3A600569D6B /* PBXTargetDependency */,
			);
			name = ex01Tests;
			productName = ex01Tests;
			productReference = 06C8CBF12161F3A600569D6B /* ex01Tests.xctest */;
			productType = "com.apple.product-type.bundle.unit-test";
		};
		06C8CBFB2161F3A600569D6B /* ex01UITests */ = {
			isa = PBXNativeTarget;
			buildConfigurationList = 06C8CC0B2161F3A600569D6B /* Build configuration list for PBXNativeTarget "ex01UITests" */;
			buildPhases = (
				06C8CBF82161F3A600569D6B /* Sources */,
				06C8CBF92161F3A600569D6B /* Frameworks */,
				06C8CBFA2161F3A600569D6B /* Resources */,
			);
			buildRules = (
			);
			dependencies = (
				06C8CBFE2161F3A600569D6B /* PBXTargetDependency */,
			);
			name = ex01UITests;
			productName = ex01UITests;
			productReference = 06C8CBFC2161F3A600569D6B /* ex01UITests.xctest */;
			productType = "com.apple.product-type.bundle.ui-testing";
		};
/* End PBXNativeTarget section */

/* Begin PBXProject section */
		06C8CBD52161F3A400569D6B /* Project object */ = {
			isa = PBXProject;
			attributes = {
				LastSwiftUpdateCheck = 0940;
				LastUpgradeCheck = 0940;
				ORGANIZATIONNAME = "Melissa NAIDOO";
				TargetAttributes = {
					06C8CBDC2161F3A400569D6B = {
						CreatedOnToolsVersion = 9.4.1;
					};
					06C8CBF02161F3A600569D6B = {
						CreatedOnToolsVersion = 9.4.1;
						TestTargetID = 06C8CBDC2161F3A400569D6B;
					};
					06C8CBFB2161F3A600569D6B = {
						CreatedOnToolsVersion = 9.4.1;
						TestTargetID = 06C8CBDC2161F3A400569D6B;
					};
				};
			};
			buildConfigurationList = 06C8CBD82161F3A400569D6B /* Build configuration list for PBXProject "ex01" */;
			compatibilityVersion = "Xcode 9.3";
			developmentRegion = en;
			hasScannedForEncodings = 0;
			knownRegions = (
				en,
				Base,
			);
			mainGroup = 06C8CBD42161F3A400569D6B;
			productRefGroup = 06C8CBDE2161F3A400569D6B /* Products */;
			projectDirPath = "";
			projectRoot = "";
			targets = (
				06C8CBDC2161F3A400569D6B /* ex01 */,
				06C8CBF02161F3A600569D6B /* ex01Tests */,
				06C8CBFB2161F3A600569D6B /* ex01UITests */,
			);
		};
/* End PBXProject section */

/* Begin PBXResourcesBuildPhase section */
		06C8CBDB2161F3A400569D6B /* Resources */ = {
			isa = PBXResourcesBuildPhase;
			buildActionMask = 2147483647;
			files = (
				06C8CBEB2161F3A600569D6B /* LaunchScreen.storyboard in Resources */,
				06C8CBE82161F3A600569D6B /* Assets.xcassets in Resources */,
				06C8CBE62161F3A400569D6B /* Main.storyboard in Resources */,
			);
			runOnlyForDeploymentPostprocessing = 0;
		};
		06C8CBEF2161F3A600569D6B /* Resources */ = {
			isa = PBXResourcesBuildPhase;
			buildActionMask = 2147483647;
			files = (
			);
			runOnlyForDeploymentPostprocessing = 0;
		};
		06C8CBFA2161F3A600569D6B /* Resources */ = {
			isa = PBXResourcesBuildPhase;
			buildActionMask = 2147483647;
			files = (
			);
			runOnlyForDeploymentPostprocessing = 0;
		};
/* End PBXResourcesBuildPhase section */

/* Begin PBXSourcesBuildPhase section */
		06C8CBD92161F3A400569D6B /* Sources */ = {
			isa = PBXSourcesBuildPhase;
			buildActionMask = 2147483647;
			files = (
				06C8CBE32161F3A400569D6B /* ViewController.swift in Sources */,
				06C8CBE12161F3A400569D6B /* AppDelegate.swift in Sources */,
			);
			runOnlyForDeploymentPostprocessing = 0;
		};
		06C8CBED2161F3A600569D6B /* Sources */ = {
			isa = PBXSourcesBuildPhase;
			buildActionMask = 2147483647;
			files = (
				06C8CBF62161F3A600569D6B /* ex01Tests.swift in Sources */,
			);
			runOnlyForDeploymentPostprocessing = 0;
		};
		06C8CBF82161F3A600569D6B /* Sources */ = {
			isa = PBXSourcesBuildPhase;
			buildActionMask = 2147483647;
			files = (
				06C8CC012161F3A600569D6B /* ex01UITests.swift in Sources */,
			);
			runOnlyForDeploymentPostprocessing = 0;
		};
/* End PBXSourcesBuildPhase section */

/* Begin PBXTargetDependency section */
		06C8CBF32161F3A600569D6B /* PBXTargetDependency */ = {
			isa = PBXTargetDependency;
			target = 06C8CBDC2161F3A400569D6B /* ex01 */;
			targetProxy = 06C8CBF22161F3A600569D6B /* PBXContainerItemProxy */;
		};
		06C8CBFE2161F3A600569D6B /* PBXTargetDependency */ = {
			isa = PBXTargetDependency;
			target = 06C8CBDC2161F3A400569D6B /* ex01 */;
			targetProxy = 06C8CBFD2161F3A600569D6B /* PBXContainerItemProxy */;
		};
/* End PBXTargetDependency section */

/* Begin PBXVariantGroup section */
		06C8CBE42161F3A400569D6B /* Main.storyboard */ = {
			isa = PBXVariantGroup;
			children = (
				06C8CBE52161F3A400569D6B /* Base */,
			);
			name = Main.storyboard;
			sourceTree = "<group>";
		};
		06C8CBE92161F3A600569D6B /* LaunchScreen.storyboard */ = {
			isa = PBXVariantGroup;
			children = (
				06C8CBEA2161F3A600569D6B /* Base */,
			);
			name = LaunchScreen.storyboard;
			sourceTree = "<group>";
		};
/* End PBXVariantGroup section */

/* Begin XCBuildConfiguration section */
		06C8CC032161F3A600569D6B /* Debug */ = {
			isa = XCBuildConfiguration;
			buildSettings = {
				ALWAYS_SEARCH_USER_PATHS = NO;
				CLANG_ANALYZER_NONNULL = YES;
				CLANG_ANALYZER_NUMBER_OBJECT_CONVERSION = YES_AGGRESSIVE;
				CLANG_CXX_LANGUAGE_STANDARD = "gnu++14";
				CLANG_CXX_LIBRARY = "libc++";
				CLANG_ENABLE_MODULES = YES;
				CLANG_ENABLE_OBJC_ARC = YES;
				CLANG_ENABLE_OBJC_WEAK = YES;
				CLANG_WARN_BLOCK_CAPTURE_AUTORELEASING = YES;
				CLANG_WARN_BOOL_CONVERSION = YES;
				CLANG_WARN_COMMA = YES;
				CLANG_WARN_CONSTANT_CONVERSION = YES;
				CLANG_WARN_DEPRECATED_OBJC_IMPLEMENTATIONS = YES;
				CLANG_WARN_DIRECT_OBJC_ISA_USAGE = YES_ERROR;
				CLANG_WARN_DOCUMENTATION_COMMENTS = YES;
				CLANG_WARN_EMPTY_BODY = YES;
				CLANG_WARN_ENUM_CONVERSION = YES;
				CLANG_WARN_INFINITE_RECURSION = YES;
				CLANG_WARN_INT_CONVERSION = YES;
				CLANG_WARN_NON_LITERAL_NULL_CONVERSION = YES;
				CLANG_WARN_OBJC_IMPLICIT_RETAIN_SELF = YES;
				CLANG_WARN_OBJC_LITERAL_CONVERSION = YES;
				CLANG_WARN_OBJC_ROOT_CLASS = YES_ERROR;
				CLANG_WARN_RANGE_LOOP_ANALYSIS = YES;
				CLANG_WARN_STRICT_PROTOTYPES = YES;
				CLANG_WARN_SUSPICIOUS_MOVE = YES;
				CLANG_WARN_UNGUARDED_AVAILABILITY = YES_AGGRESSIVE;
				CLANG_WARN_UNREACHABLE_CODE = YES;
				CLANG_WARN__DUPLICATE_METHOD_MATCH = YES;
				CODE_SIGN_IDENTITY = "iPhone Developer";
				COPY_PHASE_STRIP = NO;
				DEBUG_INFORMATION_FORMAT = dwarf;
				ENABLE_STRICT_OBJC_MSGSEND = YES;
				ENABLE_TESTABILITY = YES;
				GCC_C_LANGUAGE_STANDARD = gnu11;
				GCC_DYNAMIC_NO_PIC = NO;
				GCC_NO_COMMON_BLOCKS = YES;
				GCC_OPTIMIZATION_LEVEL = 0;
				GCC_PREPROCESSOR_DEFINITIONS = (
					"DEBUG=1",
					"$(inherited)",
				);
				GCC_WARN_64_TO_32_BIT_CONVERSION = YES;
				GCC_WARN_ABOUT_RETURN_TYPE = YES_ERROR;
				GCC_WARN_UNDECLARED_SELECTOR = YES;
				GCC_WARN_UNINITIALIZED_AUTOS = YES_AGGRESSIVE;
				GCC_WARN_UNUSED_FUNCTION = YES;
				GCC_WARN_UNUSED_VARIABLE = YES;
				IPHONEOS_DEPLOYMENT_TARGET = 11.4;
				MTL_ENABLE_DEBUG_INFO = YES;
				ONLY_ACTIVE_ARCH = YES;
				SDKROOT = iphoneos;
				SWIFT_ACTIVE_COMPILATION_CONDITIONS = DEBUG;
				SWIFT_OPTIMIZATION_LEVEL = "-Onone";
			};
			name = Debug;
		};
		06C8CC042161F3A600569D6B /* Release */ = {
			isa = XCBuildConfiguration;
			buildSettings = {
				ALWAYS_SEARCH_USER_PATHS = NO;
				CLANG_ANALYZER_NONNULL = YES;
				CLANG_ANALYZER_NUMBER_OBJECT_CONVERSION = YES_AGGRESSIVE;
				CLANG_CXX_LANGUAGE_STANDARD = "gnu++14";
				CLANG_CXX_LIBRARY = "libc++";
				CLANG_ENABLE_MODULES = YES;
				CLANG_ENABLE_OBJC_ARC = YES;
				CLANG_ENABLE_OBJC_WEAK = YES;
				CLANG_WARN_BLOCK_CAPTURE_AUTORELEASING = YES;
				CLANG_WARN_BOOL_CONVERSION = YES;
				CLANG_WARN_COMMA = YES;
				CLANG_WARN_CONSTANT_CONVERSION = YES;
				CLANG_WARN_DEPRECATED_OBJC_IMPLEMENTATIONS = YES;
				CLANG_WARN_DIRECT_OBJC_ISA_USAGE = YES_ERROR;
				CLANG_WARN_DOCUMENTATION_COMMENTS = YES;
				CLANG_WARN_EMPTY_BODY = YES;
				CLANG_WARN_ENUM_CONVERSION = YES;
				CLANG_WARN_INFINITE_RECURSION = YES;
				CLANG_WARN_INT_CONVERSION = YES;
				CLANG_WARN_NON_LITERAL_NULL_CONVERSION = YES;
				CLANG_WARN_OBJC_IMPLICIT_RETAIN_SELF = YES;
				CLANG_WARN_OBJC_LITERAL_CONVERSION = YES;
				CLANG_WARN_OBJC_ROOT_CLASS = YES_ERROR;
				CLANG_WARN_RANGE_LOOP_ANALYSIS = YES;
				CLANG_WARN_STRICT_PROTOTYPES = YES;
				CLANG_WARN_SUSPICIOUS_MOVE = YES;
				CLANG_WARN_UNGUARDED_AVAILABILITY = YES_AGGRESSIVE;
				CLANG_WARN_UNREACHABLE_CODE = YES;
				CLANG_WARN__DUPLICATE_METHOD_MATCH = YES;
				CODE_SIGN_IDENTITY = "iPhone Developer";
				COPY_PHASE_STRIP = NO;
				DEBUG_INFORMATION_FORMAT = "dwarf-with-dsym";
				ENABLE_NS_ASSERTIONS = NO;
				ENABLE_STRICT_OBJC_MSGSEND = YES;
				GCC_C_LANGUAGE_STANDARD = gnu11;
				GCC_NO_COMMON_BLOCKS = YES;
				GCC_WARN_64_TO_32_BIT_CONVERSION = YES;
				GCC_WARN_ABOUT_RETURN_TYPE = YES_ERROR;
				GCC_WARN_UNDECLARED_SELECTOR = YES;
				GCC_WARN_UNINITIALIZED_AUTOS = YES_AGGRESSIVE;
				GCC_WARN_UNUSED_FUNCTION = YES;
				GCC_WARN_UNUSED_VARIABLE = YES;
				IPHONEOS_DEPLOYMENT_TARGET = 11.4;
				MTL_ENABLE_DEBUG_INFO = NO;
				SDKROOT = iphoneos;
				SWIFT_COMPILATION_MODE = wholemodule;
				SWIFT_OPTIMIZATION_LEVEL = "-O";
				VALIDATE_PRODUCT = YES;
			};
			name = Release;
		};
		06C8CC062161F3A600569D6B /* Debug */ = {
			isa = XCBuildConfiguration;
			buildSettings = {
				ASSETCATALOG_COMPILER_APPICON_NAME = AppIcon;
				CODE_SIGN_STYLE = Automatic;
				INFOPLIST_FILE = ex01/Info.plist;
				LD_RUNPATH_SEARCH_PATHS = (
					"$(inherited)",
					"@executable_path/Frameworks",
				);
				PRODUCT_BUNDLE_IDENTIFIER = com.mnaidoo.ex01;
				PRODUCT_NAME = "$(TARGET_NAME)";
				SWIFT_VERSION = 4.0;
				TARGETED_DEVICE_FAMILY = "1,2";
			};
			name = Debug;
		};
		06C8CC072161F3A600569D6B /* Release */ = {
			isa = XCBuildConfiguration;
			buildSettings = {
				ASSETCATALOG_COMPILER_APPICON_NAME = AppIcon;
				CODE_SIGN_STYLE = Automatic;
				INFOPLIST_FILE = ex01/Info.plist;
				LD_RUNPATH_SEARCH_PATHS = (
					"$(inherited)",
					"@executable_path/Frameworks",
				);
				PRODUCT_BUNDLE_IDENTIFIER = com.mnaidoo.ex01;
				PRODUCT_NAME = "$(TARGET_NAME)";
				SWIFT_VERSION = 4.0;
				TARGETED_DEVICE_FAMILY = "1,2";
			};
			name = Release;
		};
		06C8CC092161F3A600569D6B /* Debug */ = {
			isa = XCBuildConfiguration;
			buildSettings = {
				ALWAYS_EMBED_SWIFT_STANDARD_LIBRARIES = YES;
				BUNDLE_LOADER = "$(TEST_HOST)";
				CODE_SIGN_STYLE = Automatic;
				INFOPLIST_FILE = ex01Tests/Info.plist;
				LD_RUNPATH_SEARCH_PATHS = (
					"$(inherited)",
					"@executable_path/Frameworks",
					"@loader_path/Frameworks",
				);
				PRODUCT_BUNDLE_IDENTIFIER = com.mnaidoo.ex01Tests;
				PRODUCT_NAME = "$(TARGET_NAME)";
				SWIFT_VERSION = 4.0;
				TARGETED_DEVICE_FAMILY = "1,2";
				TEST_HOST = "$(BUILT_PRODUCTS_DIR)/ex01.app/ex01";
			};
			name = Debug;
		};
		06C8CC0A2161F3A600569D6B /* Release */ = {
			isa = XCBuildConfiguration;
			buildSettings = {
				ALWAYS_EMBED_SWIFT_STANDARD_LIBRARIES = YES;
				BUNDLE_LOADER = "$(TEST_HOST)";
				CODE_SIGN_STYLE = Automatic;
				INFOPLIST_FILE = ex01Tests/Info.plist;
				LD_RUNPATH_SEARCH_PATHS = (
					"$(inherited)",
					"@executable_path/Frameworks",
					"@loader_path/Frameworks",
				);
				PRODUCT_BUNDLE_IDENTIFIER = com.mnaidoo.ex01Tests;
				PRODUCT_NAME = "$(TARGET_NAME)";
				SWIFT_VERSION = 4.0;
				TARGETED_DEVICE_FAMILY = "1,2";
				TEST_HOST = "$(BUILT_PRODUCTS_DIR)/ex01.app/ex01";
			};
			name = Release;
		};
		06C8CC0C2161F3A600569D6B /* Debug */ = {
			isa = XCBuildConfiguration;
			buildSettings = {
				ALWAYS_EMBED_SWIFT_STANDARD_LIBRARIES = YES;
				CODE_SIGN_STYLE = Automatic;
				INFOPLIST_FILE = ex01UITests/Info.plist;
				LD_RUNPATH_SEARCH_PATHS = (
					"$(inherited)",
					"@executable_path/Frameworks",
					"@loader_path/Frameworks",
				);
				PRODUCT_BUNDLE_IDENTIFIER = com.mnaidoo.ex01UITests;
				PRODUCT_NAME = "$(TARGET_NAME)";
				SWIFT_VERSION = 4.0;
				TARGETED_DEVICE_FAMILY = "1,2";
				TEST_TARGET_NAME = ex01;
			};
			name = Debug;
		};
		06C8CC0D2161F3A600569D6B /* Release */ = {
			isa = XCBuildConfiguration;
			buildSettings = {
				ALWAYS_EMBED_SWIFT_STANDARD_LIBRARIES = YES;
				CODE_SIGN_STYLE = Automatic;
				INFOPLIST_FILE = ex01UITests/Info.plist;
				LD_RUNPATH_SEARCH_PATHS = (
					"$(inherited)",
					"@executable_path/Frameworks",
					"@loader_path/Frameworks",
				);
				PRODUCT_BUNDLE_IDENTIFIER = com.mnaidoo.ex01UITests;
				PRODUCT_NAME = "$(TARGET_NAME)";
				SWIFT_VERSION = 4.0;
				TARGETED_DEVICE_FAMILY = "1,2";
				TEST_TARGET_NAME = ex01;
			};
			name = Release;
		};
/* End XCBuildConfiguration section */

/* Begin XCConfigurationList section */
		06C8CBD82161F3A400569D6B /* Build configuration list for PBXProject "ex01" */ = {
			isa = XCConfigurationList;
			buildConfigurations = (
				06C8CC032161F3A600569D6B /* Debug */,
				06C8CC042161F3A600569D6B /* Release */,
			);
			defaultConfigurationIsVisible = 0;
			defaultConfigurationName = Release;
		};
		06C8CC052161F3A600569D6B /* Build configuration list for PBXNativeTarget "ex01" */ = {
			isa = XCConfigurationList;
			buildConfigurations = (
				06C8CC062161F3A600569D6B /* Debug */,
				06C8CC072161F3A600569D6B /* Release */,
			);
			defaultConfigurationIsVisible = 0;
			defaultConfigurationName = Release;
		};
		06C8CC082161F3A600569D6B /* Build configuration list for PBXNativeTarget "ex01Tests" */ = {
			isa = XCConfigurationList;
			buildConfigurations = (
				06C8CC092161F3A600569D6B /* Debug */,
				06C8CC0A2161F3A600569D6B /* Release */,
			);
			defaultConfigurationIsVisible = 0;
			defaultConfigurationName = Release;
		};
		06C8CC0B2161F3A600569D6B /* Build configuration list for PBXNativeTarget "ex01UITests" */ = {
			isa = XCConfigurationList;
			buildConfigurations = (
				06C8CC0C2161F3A600569D6B /* Debug */,
				06C8CC0D2161F3A600569D6B /* Release */,
			);
			defaultConfigurationIsVisible = 0;
			defaultConfigurationName = Release;
		};
/* End XCConfigurationList section */
	};
	rootObject = 06C8CBD52161F3A400569D6B /* Project object */;
}
