// !$*UTF8*$!
{
	archiveVersion = 1;
	classes = {
	};
	objectVersion = 50;
	objects = {

/* Begin PBXBuildFile section */
		79A08DCE216B30D900E2024E /* AppDelegate.swift in Sources */ = {isa = PBXBuildFile; fileRef = 79A08DCD216B30D900E2024E /* AppDelegate.swift */; };
		79A08DD0216B30D900E2024E /* FirstViewController.swift in Sources */ = {isa = PBXBuildFile; fileRef = 79A08DCF216B30D900E2024E /* FirstViewController.swift */; };
		79A08DD2216B30D900E2024E /* SecondViewController.swift in Sources */ = {isa = PBXBuildFile; fileRef = 79A08DD1216B30D900E2024E /* SecondViewController.swift */; };
		79A08DD5216B30D900E2024E /* Main.storyboard in Resources */ = {isa = PBXBuildFile; fileRef = 79A08DD3216B30D900E2024E /* Main.storyboard */; };
		79A08DD7216B30DA00E2024E /* Assets.xcassets in Resources */ = {isa = PBXBuildFile; fileRef = 79A08DD6216B30DA00E2024E /* Assets.xcassets */; };
		79A08DDA216B30DA00E2024E /* LaunchScreen.storyboard in Resources */ = {isa = PBXBuildFile; fileRef = 79A08DD8216B30DA00E2024E /* LaunchScreen.storyboard */; };
		79A08DE2216B3E3A00E2024E /* mapLocationTableViewCell.swift in Sources */ = {isa = PBXBuildFile; fileRef = 79A08DE1216B3E3A00E2024E /* mapLocationTableViewCell.swift */; };
/* End PBXBuildFile section */

/* Begin PBXFileReference section */
		79A08DCA216B30D900E2024E /* Day05.app */ = {isa = PBXFileReference; explicitFileType = wrapper.application; includeInIndex = 0; path = Day05.app; sourceTree = BUILT_PRODUCTS_DIR; };
		79A08DCD216B30D900E2024E /* AppDelegate.swift */ = {isa = PBXFileReference; lastKnownFileType = sourcecode.swift; path = AppDelegate.swift; sourceTree = "<group>"; };
		79A08DCF216B30D900E2024E /* FirstViewController.swift */ = {isa = PBXFileReference; lastKnownFileType = sourcecode.swift; path = FirstViewController.swift; sourceTree = "<group>"; };
		79A08DD1216B30D900E2024E /* SecondViewController.swift */ = {isa = PBXFileReference; lastKnownFileType = sourcecode.swift; path = SecondViewController.swift; sourceTree = "<group>"; };
		79A08DD4216B30D900E2024E /* Base */ = {isa = PBXFileReference; lastKnownFileType = file.storyboard; name = Base; path = Base.lproj/Main.storyboard; sourceTree = "<group>"; };
		79A08DD6216B30DA00E2024E /* Assets.xcassets */ = {isa = PBXFileReference; lastKnownFileType = folder.assetcatalog; path = Assets.xcassets; sourceTree = "<group>"; };
		79A08DD9216B30DA00E2024E /* Base */ = {isa = PBXFileReference; lastKnownFileType = file.storyboard; name = Base; path = Base.lproj/LaunchScreen.storyboard; sourceTree = "<group>"; };
		79A08DDB216B30DA00E2024E /* Info.plist */ = {isa = PBXFileReference; lastKnownFileType = text.plist.xml; path = Info.plist; sourceTree = "<group>"; };
		79A08DE1216B3E3A00E2024E /* mapLocationTableViewCell.swift */ = {isa = PBXFileReference; lastKnownFileType = sourcecode.swift; path = mapLocationTableViewCell.swift; sourceTree = "<group>"; };
/* End PBXFileReference section */

/* Begin PBXFrameworksBuildPhase section */
		79A08DC7216B30D900E2024E /* Frameworks */ = {
			isa = PBXFrameworksBuildPhase;
			buildActionMask = 2147483647;
			files = (
			);
			runOnlyForDeploymentPostprocessing = 0;
		};
/* End PBXFrameworksBuildPhase section */

/* Begin PBXGroup section */
		79A08DC1216B30D900E2024E = {
			isa = PBXGroup;
			children = (
				79A08DCC216B30D900E2024E /* Day05 */,
				79A08DCB216B30D900E2024E /* Products */,
			);
			sourceTree = "<group>";
		};
		79A08DCB216B30D900E2024E /* Products */ = {
			isa = PBXGroup;
			children = (
				79A08DCA216B30D900E2024E /* Day05.app */,
			);
			name = Products;
			sourceTree = "<group>";
		};
		79A08DCC216B30D900E2024E /* Day05 */ = {
			isa = PBXGroup;
			children = (
				79A08DCD216B30D900E2024E /* AppDelegate.swift */,
				79A08DCF216B30D900E2024E /* FirstViewController.swift */,
				79A08DD1216B30D900E2024E /* SecondViewController.swift */,
				79A08DD3216B30D900E2024E /* Main.storyboard */,
				79A08DD6216B30DA00E2024E /* Assets.xcassets */,
				79A08DD8216B30DA00E2024E /* LaunchScreen.storyboard */,
				79A08DDB216B30DA00E2024E /* Info.plist */,
				79A08DE1216B3E3A00E2024E /* mapLocationTableViewCell.swift */,
			);
			path = Day05;
			sourceTree = "<group>";
		};
/* End PBXGroup section */

/* Begin PBXNativeTarget section */
		79A08DC9216B30D900E2024E /* Day05 */ = {
			isa = PBXNativeTarget;
			buildConfigurationList = 79A08DDE216B30DA00E2024E /* Build configuration list for PBXNativeTarget "Day05" */;
			buildPhases = (
				79A08DC6216B30D900E2024E /* Sources */,
				79A08DC7216B30D900E2024E /* Frameworks */,
				79A08DC8216B30D900E2024E /* Resources */,
			);
			buildRules = (
			);
			dependencies = (
			);
			name = Day05;
			productName = Day05;
			productReference = 79A08DCA216B30D900E2024E /* Day05.app */;
			productType = "com.apple.product-type.application";
		};
/* End PBXNativeTarget section */

/* Begin PBXProject section */
		79A08DC2216B30D900E2024E /* Project object */ = {
			isa = PBXProject;
			attributes = {
				LastSwiftUpdateCheck = 0940;
				LastUpgradeCheck = 0940;
				ORGANIZATIONNAME = "Marco FERNANDES";
				TargetAttributes = {
					79A08DC9216B30D900E2024E = {
						CreatedOnToolsVersion = 9.4.1;
					};
				};
			};
			buildConfigurationList = 79A08DC5216B30D900E2024E /* Build configuration list for PBXProject "Day05" */;
			compatibilityVersion = "Xcode 9.3";
			developmentRegion = en;
			hasScannedForEncodings = 0;
			knownRegions = (
				en,
				Base,
			);
			mainGroup = 79A08DC1216B30D900E2024E;
			productRefGroup = 79A08DCB216B30D900E2024E /* Products */;
			projectDirPath = "";
			projectRoot = "";
			targets = (
				79A08DC9216B30D900E2024E /* Day05 */,
			);
		};
/* End PBXProject section */

/* Begin PBXResourcesBuildPhase section */
		79A08DC8216B30D900E2024E /* Resources */ = {
			isa = PBXResourcesBuildPhase;
			buildActionMask = 2147483647;
			files = (
				79A08DDA216B30DA00E2024E /* LaunchScreen.storyboard in Resources */,
				79A08DD7216B30DA00E2024E /* Assets.xcassets in Resources */,
				79A08DD5216B30D900E2024E /* Main.storyboard in Resources */,
			);
			runOnlyForDeploymentPostprocessing = 0;
		};
/* End PBXResourcesBuildPhase section */

/* Begin PBXSourcesBuildPhase section */
		79A08DC6216B30D900E2024E /* Sources */ = {
			isa = PBXSourcesBuildPhase;
			buildActionMask = 2147483647;
			files = (
				79A08DD2216B30D900E2024E /* SecondViewController.swift in Sources */,
				79A08DCE216B30D900E2024E /* AppDelegate.swift in Sources */,
				79A08DD0216B30D900E2024E /* FirstViewController.swift in Sources */,
				79A08DE2216B3E3A00E2024E /* mapLocationTableViewCell.swift in Sources */,
			);
			runOnlyForDeploymentPostprocessing = 0;
		};
/* End PBXSourcesBuildPhase section */

/* Begin PBXVariantGroup section */
		79A08DD3216B30D900E2024E /* Main.storyboard */ = {
			isa = PBXVariantGroup;
			children = (
				79A08DD4216B30D900E2024E /* Base */,
			);
			name = Main.storyboard;
			sourceTree = "<group>";
		};
		79A08DD8216B30DA00E2024E /* LaunchScreen.storyboard */ = {
			isa = PBXVariantGroup;
			children = (
				79A08DD9216B30DA00E2024E /* Base */,
			);
			name = LaunchScreen.storyboard;
			sourceTree = "<group>";
		};
/* End PBXVariantGroup section */

/* Begin XCBuildConfiguration section */
		79A08DDC216B30DA00E2024E /* Debug */ = {
			isa = XCBuildConfiguration;
			buildSettings = {
				ALWAYS_SEARCH_USER_PATHS = NO;
				CLANG_ANALYZER_NONNULL = YES;
				CLANG_ANALYZER_NUMBER_OBJECT_CONVERSION = YES_AGGRESSIVE;
				CLANG_CXX_LANGUAGE_STANDARD = "gnu++14";
				CLANG_CXX_LIBRARY = "libc++";
				CLANG_ENABLE_MODULES = YES;
				CLANG_ENABLE_OBJC_ARC = YES;
				CLANG_ENABLE_OBJC_WEAK = YES;
				CLANG_WARN_BLOCK_CAPTURE_AUTORELEASING = YES;
				CLANG_WARN_BOOL_CONVERSION = YES;
				CLANG_WARN_COMMA = YES;
				CLANG_WARN_CONSTANT_CONVERSION = YES;
				CLANG_WARN_DEPRECATED_OBJC_IMPLEMENTATIONS = YES;
				CLANG_WARN_DIRECT_OBJC_ISA_USAGE = YES_ERROR;
				CLANG_WARN_DOCUMENTATION_COMMENTS = YES;
				CLANG_WARN_EMPTY_BODY = YES;
				CLANG_WARN_ENUM_CONVERSION = YES;
				CLANG_WARN_INFINITE_RECURSION = YES;
				CLANG_WARN_INT_CONVERSION = YES;
				CLANG_WARN_NON_LITERAL_NULL_CONVERSION = YES;
				CLANG_WARN_OBJC_IMPLICIT_RETAIN_SELF = YES;
				CLANG_WARN_OBJC_LITERAL_CONVERSION = YES;
				CLANG_WARN_OBJC_ROOT_CLASS = YES_ERROR;
				CLANG_WARN_RANGE_LOOP_ANALYSIS = YES;
				CLANG_WARN_STRICT_PROTOTYPES = YES;
				CLANG_WARN_SUSPICIOUS_MOVE = YES;
				CLANG_WARN_UNGUARDED_AVAILABILITY = YES_AGGRESSIVE;
				CLANG_WARN_UNREACHABLE_CODE = YES;
				CLANG_WARN__DUPLICATE_METHOD_MATCH = YES;
				CODE_SIGN_IDENTITY = "iPhone Developer";
				COPY_PHASE_STRIP = NO;
				DEBUG_INFORMATION_FORMAT = dwarf;
				ENABLE_STRICT_OBJC_MSGSEND = YES;
				ENABLE_TESTABILITY = YES;
				GCC_C_LANGUAGE_STANDARD = gnu11;
				GCC_DYNAMIC_NO_PIC = NO;
				GCC_NO_COMMON_BLOCKS = YES;
				GCC_OPTIMIZATION_LEVEL = 0;
				GCC_PREPROCESSOR_DEFINITIONS = (
					"DEBUG=1",
					"$(inherited)",
				);
				GCC_WARN_64_TO_32_BIT_CONVERSION = YES;
				GCC_WARN_ABOUT_RETURN_TYPE = YES_ERROR;
				GCC_WARN_UNDECLARED_SELECTOR = YES;
				GCC_WARN_UNINITIALIZED_AUTOS = YES_AGGRESSIVE;
				GCC_WARN_UNUSED_FUNCTION = YES;
				GCC_WARN_UNUSED_VARIABLE = YES;
				IPHONEOS_DEPLOYMENT_TARGET = 11.4;
				MTL_ENABLE_DEBUG_INFO = YES;
				ONLY_ACTIVE_ARCH = YES;
				SDKROOT = iphoneos;
				SWIFT_ACTIVE_COMPILATION_CONDITIONS = DEBUG;
				SWIFT_OPTIMIZATION_LEVEL = "-Onone";
			};
			name = Debug;
		};
		79A08DDD216B30DA00E2024E /* Release */ = {
			isa = XCBuildConfiguration;
			buildSettings = {
				ALWAYS_SEARCH_USER_PATHS = NO;
				CLANG_ANALYZER_NONNULL = YES;
				CLANG_ANALYZER_NUMBER_OBJECT_CONVERSION = YES_AGGRESSIVE;
				CLANG_CXX_LANGUAGE_STANDARD = "gnu++14";
				CLANG_CXX_LIBRARY = "libc++";
				CLANG_ENABLE_MODULES = YES;
				CLANG_ENABLE_OBJC_ARC = YES;
				CLANG_ENABLE_OBJC_WEAK = YES;
				CLANG_WARN_BLOCK_CAPTURE_AUTORELEASING = YES;
				CLANG_WARN_BOOL_CONVERSION = YES;
				CLANG_WARN_COMMA = YES;
				CLANG_WARN_CONSTANT_CONVERSION = YES;
				CLANG_WARN_DEPRECATED_OBJC_IMPLEMENTATIONS = YES;
				CLANG_WARN_DIRECT_OBJC_ISA_USAGE = YES_ERROR;
				CLANG_WARN_DOCUMENTATION_COMMENTS = YES;
				CLANG_WARN_EMPTY_BODY = YES;
				CLANG_WARN_ENUM_CONVERSION = YES;
				CLANG_WARN_INFINITE_RECURSION = YES;
				CLANG_WARN_INT_CONVERSION = YES;
				CLANG_WARN_NON_LITERAL_NULL_CONVERSION = YES;
				CLANG_WARN_OBJC_IMPLICIT_RETAIN_SELF = YES;
				CLANG_WARN_OBJC_LITERAL_CONVERSION = YES;
				CLANG_WARN_OBJC_ROOT_CLASS = YES_ERROR;
				CLANG_WARN_RANGE_LOOP_ANALYSIS = YES;
				CLANG_WARN_STRICT_PROTOTYPES = YES;
				CLANG_WARN_SUSPICIOUS_MOVE = YES;
				CLANG_WARN_UNGUARDED_AVAILABILITY = YES_AGGRESSIVE;
				CLANG_WARN_UNREACHABLE_CODE = YES;
				CLANG_WARN__DUPLICATE_METHOD_MATCH = YES;
				CODE_SIGN_IDENTITY = "iPhone Developer";
				COPY_PHASE_STRIP = NO;
				DEBUG_INFORMATION_FORMAT = "dwarf-with-dsym";
				ENABLE_NS_ASSERTIONS = NO;
				ENABLE_STRICT_OBJC_MSGSEND = YES;
				GCC_C_LANGUAGE_STANDARD = gnu11;
				GCC_NO_COMMON_BLOCKS = YES;
				GCC_WARN_64_TO_32_BIT_CONVERSION = YES;
				GCC_WARN_ABOUT_RETURN_TYPE = YES_ERROR;
				GCC_WARN_UNDECLARED_SELECTOR = YES;
				GCC_WARN_UNINITIALIZED_AUTOS = YES_AGGRESSIVE;
				GCC_WARN_UNUSED_FUNCTION = YES;
				GCC_WARN_UNUSED_VARIABLE = YES;
				IPHONEOS_DEPLOYMENT_TARGET = 11.4;
				MTL_ENABLE_DEBUG_INFO = NO;
				SDKROOT = iphoneos;
				SWIFT_COMPILATION_MODE = wholemodule;
				SWIFT_OPTIMIZATION_LEVEL = "-O";
				VALIDATE_PRODUCT = YES;
			};
			name = Release;
		};
		79A08DDF216B30DA00E2024E /* Debug */ = {
			isa = XCBuildConfiguration;
			buildSettings = {
				ASSETCATALOG_COMPILER_APPICON_NAME = AppIcon;
				CODE_SIGN_STYLE = Automatic;
				DEVELOPMENT_TEAM = 3V5ZLRR36R;
				INFOPLIST_FILE = Day05/Info.plist;
				LD_RUNPATH_SEARCH_PATHS = (
					"$(inherited)",
					"@executable_path/Frameworks",
				);
				PRODUCT_BUNDLE_IDENTIFIER = "IOS-bootcamp.Day05";
				PRODUCT_NAME = "$(TARGET_NAME)";
				SWIFT_VERSION = 4.0;
				TARGETED_DEVICE_FAMILY = "1,2";
			};
			name = Debug;
		};
		79A08DE0216B30DA00E2024E /* Release */ = {
			isa = XCBuildConfiguration;
			buildSettings = {
				ASSETCATALOG_COMPILER_APPICON_NAME = AppIcon;
				CODE_SIGN_STYLE = Automatic;
				DEVELOPMENT_TEAM = 3V5ZLRR36R;
				INFOPLIST_FILE = Day05/Info.plist;
				LD_RUNPATH_SEARCH_PATHS = (
					"$(inherited)",
					"@executable_path/Frameworks",
				);
				PRODUCT_BUNDLE_IDENTIFIER = "IOS-bootcamp.Day05";
				PRODUCT_NAME = "$(TARGET_NAME)";
				SWIFT_VERSION = 4.0;
				TARGETED_DEVICE_FAMILY = "1,2";
			};
			name = Release;
		};
/* End XCBuildConfiguration section */

/* Begin XCConfigurationList section */
		79A08DC5216B30D900E2024E /* Build configuration list for PBXProject "Day05" */ = {
			isa = XCConfigurationList;
			buildConfigurations = (
				79A08DDC216B30DA00E2024E /* Debug */,
				79A08DDD216B30DA00E2024E /* Release */,
			);
			defaultConfigurationIsVisible = 0;
			defaultConfigurationName = Release;
		};
		79A08DDE216B30DA00E2024E /* Build configuration list for PBXNativeTarget "Day05" */ = {
			isa = XCConfigurationList;
			buildConfigurations = (
				79A08DDF216B30DA00E2024E /* Debug */,
				79A08DE0216B30DA00E2024E /* Release */,
			);
			defaultConfigurationIsVisible = 0;
			defaultConfigurationName = Release;
		};
/* End XCConfigurationList section */
	};
	rootObject = 79A08DC2216B30D900E2024E /* Project object */;
}
