// !$*UTF8*$!
{
	archiveVersion = 1;
	classes = {
	};
	objectVersion = 50;
	objects = {

/* Begin PBXBuildFile section */
		063292AD216E171A00F69128 /* AppDelegate.swift in Sources */ = {isa = PBXBuildFile; fileRef = 063292AC216E171A00F69128 /* AppDelegate.swift */; };
		063292AF216E171A00F69128 /* ViewController.swift in Sources */ = {isa = PBXBuildFile; fileRef = 063292AE216E171A00F69128 /* ViewController.swift */; };
		063292B2216E171A00F69128 /* Main.storyboard in Resources */ = {isa = PBXBuildFile; fileRef = 063292B0216E171A00F69128 /* Main.storyboard */; };
		063292B4216E171B00F69128 /* Assets.xcassets in Resources */ = {isa = PBXBuildFile; fileRef = 063292B3216E171B00F69128 /* Assets.xcassets */; };
		063292B7216E171B00F69128 /* LaunchScreen.storyboard in Resources */ = {isa = PBXBuildFile; fileRef = 063292B5216E171B00F69128 /* LaunchScreen.storyboard */; };
		063292C2216E171B00F69128 /* ex02Tests.swift in Sources */ = {isa = PBXBuildFile; fileRef = 063292C1216E171B00F69128 /* ex02Tests.swift */; };
		063292CD216E171B00F69128 /* ex02UITests.swift in Sources */ = {isa = PBXBuildFile; fileRef = 063292CC216E171B00F69128 /* ex02UITests.swift */; };
		063292DD216E1ABA00F69128 /* ShapeUIView.swift in Sources */ = {isa = PBXBuildFile; fileRef = 063292DC216E1AB900F69128 /* ShapeUIView.swift */; };
/* End PBXBuildFile section */

/* Begin PBXContainerItemProxy section */
		063292BE216E171B00F69128 /* PBXContainerItemProxy */ = {
			isa = PBXContainerItemProxy;
			containerPortal = 063292A1216E171A00F69128 /* Project object */;
			proxyType = 1;
			remoteGlobalIDString = 063292A8216E171A00F69128;
			remoteInfo = ex02;
		};
		063292C9216E171B00F69128 /* PBXContainerItemProxy */ = {
			isa = PBXContainerItemProxy;
			containerPortal = 063292A1216E171A00F69128 /* Project object */;
			proxyType = 1;
			remoteGlobalIDString = 063292A8216E171A00F69128;
			remoteInfo = ex02;
		};
/* End PBXContainerItemProxy section */

/* Begin PBXFileReference section */
		063292A9216E171A00F69128 /* ex02.app */ = {isa = PBXFileReference; explicitFileType = wrapper.application; includeInIndex = 0; path = ex02.app; sourceTree = BUILT_PRODUCTS_DIR; };
		063292AC216E171A00F69128 /* AppDelegate.swift */ = {isa = PBXFileReference; lastKnownFileType = sourcecode.swift; path = AppDelegate.swift; sourceTree = "<group>"; };
		063292AE216E171A00F69128 /* ViewController.swift */ = {isa = PBXFileReference; lastKnownFileType = sourcecode.swift; path = ViewController.swift; sourceTree = "<group>"; };
		063292B1216E171A00F69128 /* Base */ = {isa = PBXFileReference; lastKnownFileType = file.storyboard; name = Base; path = Base.lproj/Main.storyboard; sourceTree = "<group>"; };
		063292B3216E171B00F69128 /* Assets.xcassets */ = {isa = PBXFileReference; lastKnownFileType = folder.assetcatalog; path = Assets.xcassets; sourceTree = "<group>"; };
		063292B6216E171B00F69128 /* Base */ = {isa = PBXFileReference; lastKnownFileType = file.storyboard; name = Base; path = Base.lproj/LaunchScreen.storyboard; sourceTree = "<group>"; };
		063292B8216E171B00F69128 /* Info.plist */ = {isa = PBXFileReference; lastKnownFileType = text.plist.xml; path = Info.plist; sourceTree = "<group>"; };
		063292BD216E171B00F69128 /* ex02Tests.xctest */ = {isa = PBXFileReference; explicitFileType = wrapper.cfbundle; includeInIndex = 0; path = ex02Tests.xctest; sourceTree = BUILT_PRODUCTS_DIR; };
		063292C1216E171B00F69128 /* ex02Tests.swift */ = {isa = PBXFileReference; lastKnownFileType = sourcecode.swift; path = ex02Tests.swift; sourceTree = "<group>"; };
		063292C3216E171B00F69128 /* Info.plist */ = {isa = PBXFileReference; lastKnownFileType = text.plist.xml; path = Info.plist; sourceTree = "<group>"; };
		063292C8216E171B00F69128 /* ex02UITests.xctest */ = {isa = PBXFileReference; explicitFileType = wrapper.cfbundle; includeInIndex = 0; path = ex02UITests.xctest; sourceTree = BUILT_PRODUCTS_DIR; };
		063292CC216E171B00F69128 /* ex02UITests.swift */ = {isa = PBXFileReference; lastKnownFileType = sourcecode.swift; path = ex02UITests.swift; sourceTree = "<group>"; };
		063292CE216E171B00F69128 /* Info.plist */ = {isa = PBXFileReference; lastKnownFileType = text.plist.xml; path = Info.plist; sourceTree = "<group>"; };
		063292DC216E1AB900F69128 /* ShapeUIView.swift */ = {isa = PBXFileReference; fileEncoding = 4; lastKnownFileType = sourcecode.swift; path = ShapeUIView.swift; sourceTree = "<group>"; };
/* End PBXFileReference section */

/* Begin PBXFrameworksBuildPhase section */
		063292A6216E171A00F69128 /* Frameworks */ = {
			isa = PBXFrameworksBuildPhase;
			buildActionMask = 2147483647;
			files = (
			);
			runOnlyForDeploymentPostprocessing = 0;
		};
		063292BA216E171B00F69128 /* Frameworks */ = {
			isa = PBXFrameworksBuildPhase;
			buildActionMask = 2147483647;
			files = (
			);
			runOnlyForDeploymentPostprocessing = 0;
		};
		063292C5216E171B00F69128 /* Frameworks */ = {
			isa = PBXFrameworksBuildPhase;
			buildActionMask = 2147483647;
			files = (
			);
			runOnlyForDeploymentPostprocessing = 0;
		};
/* End PBXFrameworksBuildPhase section */

/* Begin PBXGroup section */
		063292A0216E171A00F69128 = {
			isa = PBXGroup;
			children = (
				063292AB216E171A00F69128 /* ex02 */,
				063292C0216E171B00F69128 /* ex02Tests */,
				063292CB216E171B00F69128 /* ex02UITests */,
				063292AA216E171A00F69128 /* Products */,
			);
			sourceTree = "<group>";
		};
		063292AA216E171A00F69128 /* Products */ = {
			isa = PBXGroup;
			children = (
				063292A9216E171A00F69128 /* ex02.app */,
				063292BD216E171B00F69128 /* ex02Tests.xctest */,
				063292C8216E171B00F69128 /* ex02UITests.xctest */,
			);
			name = Products;
			sourceTree = "<group>";
		};
		063292AB216E171A00F69128 /* ex02 */ = {
			isa = PBXGroup;
			children = (
				063292AC216E171A00F69128 /* AppDelegate.swift */,
				063292AE216E171A00F69128 /* ViewController.swift */,
				063292DC216E1AB900F69128 /* ShapeUIView.swift */,
				063292B0216E171A00F69128 /* Main.storyboard */,
				063292B3216E171B00F69128 /* Assets.xcassets */,
				063292B5216E171B00F69128 /* LaunchScreen.storyboard */,
				063292B8216E171B00F69128 /* Info.plist */,
			);
			path = ex02;
			sourceTree = "<group>";
		};
		063292C0216E171B00F69128 /* ex02Tests */ = {
			isa = PBXGroup;
			children = (
				063292C1216E171B00F69128 /* ex02Tests.swift */,
				063292C3216E171B00F69128 /* Info.plist */,
			);
			path = ex02Tests;
			sourceTree = "<group>";
		};
		063292CB216E171B00F69128 /* ex02UITests */ = {
			isa = PBXGroup;
			children = (
				063292CC216E171B00F69128 /* ex02UITests.swift */,
				063292CE216E171B00F69128 /* Info.plist */,
			);
			path = ex02UITests;
			sourceTree = "<group>";
		};
/* End PBXGroup section */

/* Begin PBXNativeTarget section */
		063292A8216E171A00F69128 /* ex02 */ = {
			isa = PBXNativeTarget;
			buildConfigurationList = 063292D1216E171B00F69128 /* Build configuration list for PBXNativeTarget "ex02" */;
			buildPhases = (
				063292A5216E171A00F69128 /* Sources */,
				063292A6216E171A00F69128 /* Frameworks */,
				063292A7216E171A00F69128 /* Resources */,
			);
			buildRules = (
			);
			dependencies = (
			);
			name = ex02;
			productName = ex02;
			productReference = 063292A9216E171A00F69128 /* ex02.app */;
			productType = "com.apple.product-type.application";
		};
		063292BC216E171B00F69128 /* ex02Tests */ = {
			isa = PBXNativeTarget;
			buildConfigurationList = 063292D4216E171B00F69128 /* Build configuration list for PBXNativeTarget "ex02Tests" */;
			buildPhases = (
				063292B9216E171B00F69128 /* Sources */,
				063292BA216E171B00F69128 /* Frameworks */,
				063292BB216E171B00F69128 /* Resources */,
			);
			buildRules = (
			);
			dependencies = (
				063292BF216E171B00F69128 /* PBXTargetDependency */,
			);
			name = ex02Tests;
			productName = ex02Tests;
			productReference = 063292BD216E171B00F69128 /* ex02Tests.xctest */;
			productType = "com.apple.product-type.bundle.unit-test";
		};
		063292C7216E171B00F69128 /* ex02UITests */ = {
			isa = PBXNativeTarget;
			buildConfigurationList = 063292D7216E171B00F69128 /* Build configuration list for PBXNativeTarget "ex02UITests" */;
			buildPhases = (
				063292C4216E171B00F69128 /* Sources */,
				063292C5216E171B00F69128 /* Frameworks */,
				063292C6216E171B00F69128 /* Resources */,
			);
			buildRules = (
			);
			dependencies = (
				063292CA216E171B00F69128 /* PBXTargetDependency */,
			);
			name = ex02UITests;
			productName = ex02UITests;
			productReference = 063292C8216E171B00F69128 /* ex02UITests.xctest */;
			productType = "com.apple.product-type.bundle.ui-testing";
		};
/* End PBXNativeTarget section */

/* Begin PBXProject section */
		063292A1216E171A00F69128 /* Project object */ = {
			isa = PBXProject;
			attributes = {
				LastSwiftUpdateCheck = 0940;
				LastUpgradeCheck = 0940;
				ORGANIZATIONNAME = "Melissa NAIDOO";
				TargetAttributes = {
					063292A8216E171A00F69128 = {
						CreatedOnToolsVersion = 9.4.1;
					};
					063292BC216E171B00F69128 = {
						CreatedOnToolsVersion = 9.4.1;
						TestTargetID = 063292A8216E171A00F69128;
					};
					063292C7216E171B00F69128 = {
						CreatedOnToolsVersion = 9.4.1;
						TestTargetID = 063292A8216E171A00F69128;
					};
				};
			};
			buildConfigurationList = 063292A4216E171A00F69128 /* Build configuration list for PBXProject "ex02" */;
			compatibilityVersion = "Xcode 9.3";
			developmentRegion = en;
			hasScannedForEncodings = 0;
			knownRegions = (
				en,
				Base,
			);
			mainGroup = 063292A0216E171A00F69128;
			productRefGroup = 063292AA216E171A00F69128 /* Products */;
			projectDirPath = "";
			projectRoot = "";
			targets = (
				063292A8216E171A00F69128 /* ex02 */,
				063292BC216E171B00F69128 /* ex02Tests */,
				063292C7216E171B00F69128 /* ex02UITests */,
			);
		};
/* End PBXProject section */

/* Begin PBXResourcesBuildPhase section */
		063292A7216E171A00F69128 /* Resources */ = {
			isa = PBXResourcesBuildPhase;
			buildActionMask = 2147483647;
			files = (
				063292B7216E171B00F69128 /* LaunchScreen.storyboard in Resources */,
				063292B4216E171B00F69128 /* Assets.xcassets in Resources */,
				063292B2216E171A00F69128 /* Main.storyboard in Resources */,
			);
			runOnlyForDeploymentPostprocessing = 0;
		};
		063292BB216E171B00F69128 /* Resources */ = {
			isa = PBXResourcesBuildPhase;
			buildActionMask = 2147483647;
			files = (
			);
			runOnlyForDeploymentPostprocessing = 0;
		};
		063292C6216E171B00F69128 /* Resources */ = {
			isa = PBXResourcesBuildPhase;
			buildActionMask = 2147483647;
			files = (
			);
			runOnlyForDeploymentPostprocessing = 0;
		};
/* End PBXResourcesBuildPhase section */

/* Begin PBXSourcesBuildPhase section */
		063292A5216E171A00F69128 /* Sources */ = {
			isa = PBXSourcesBuildPhase;
			buildActionMask = 2147483647;
			files = (
				063292AF216E171A00F69128 /* ViewController.swift in Sources */,
				063292DD216E1ABA00F69128 /* ShapeUIView.swift in Sources */,
				063292AD216E171A00F69128 /* AppDelegate.swift in Sources */,
			);
			runOnlyForDeploymentPostprocessing = 0;
		};
		063292B9216E171B00F69128 /* Sources */ = {
			isa = PBXSourcesBuildPhase;
			buildActionMask = 2147483647;
			files = (
				063292C2216E171B00F69128 /* ex02Tests.swift in Sources */,
			);
			runOnlyForDeploymentPostprocessing = 0;
		};
		063292C4216E171B00F69128 /* Sources */ = {
			isa = PBXSourcesBuildPhase;
			buildActionMask = 2147483647;
			files = (
				063292CD216E171B00F69128 /* ex02UITests.swift in Sources */,
			);
			runOnlyForDeploymentPostprocessing = 0;
		};
/* End PBXSourcesBuildPhase section */

/* Begin PBXTargetDependency section */
		063292BF216E171B00F69128 /* PBXTargetDependency */ = {
			isa = PBXTargetDependency;
			target = 063292A8216E171A00F69128 /* ex02 */;
			targetProxy = 063292BE216E171B00F69128 /* PBXContainerItemProxy */;
		};
		063292CA216E171B00F69128 /* PBXTargetDependency */ = {
			isa = PBXTargetDependency;
			target = 063292A8216E171A00F69128 /* ex02 */;
			targetProxy = 063292C9216E171B00F69128 /* PBXContainerItemProxy */;
		};
/* End PBXTargetDependency section */

/* Begin PBXVariantGroup section */
		063292B0216E171A00F69128 /* Main.storyboard */ = {
			isa = PBXVariantGroup;
			children = (
				063292B1216E171A00F69128 /* Base */,
			);
			name = Main.storyboard;
			sourceTree = "<group>";
		};
		063292B5216E171B00F69128 /* LaunchScreen.storyboard */ = {
			isa = PBXVariantGroup;
			children = (
				063292B6216E171B00F69128 /* Base */,
			);
			name = LaunchScreen.storyboard;
			sourceTree = "<group>";
		};
/* End PBXVariantGroup section */

/* Begin XCBuildConfiguration section */
		063292CF216E171B00F69128 /* Debug */ = {
			isa = XCBuildConfiguration;
			buildSettings = {
				ALWAYS_SEARCH_USER_PATHS = NO;
				CLANG_ANALYZER_NONNULL = YES;
				CLANG_ANALYZER_NUMBER_OBJECT_CONVERSION = YES_AGGRESSIVE;
				CLANG_CXX_LANGUAGE_STANDARD = "gnu++14";
				CLANG_CXX_LIBRARY = "libc++";
				CLANG_ENABLE_MODULES = YES;
				CLANG_ENABLE_OBJC_ARC = YES;
				CLANG_ENABLE_OBJC_WEAK = YES;
				CLANG_WARN_BLOCK_CAPTURE_AUTORELEASING = YES;
				CLANG_WARN_BOOL_CONVERSION = YES;
				CLANG_WARN_COMMA = YES;
				CLANG_WARN_CONSTANT_CONVERSION = YES;
				CLANG_WARN_DEPRECATED_OBJC_IMPLEMENTATIONS = YES;
				CLANG_WARN_DIRECT_OBJC_ISA_USAGE = YES_ERROR;
				CLANG_WARN_DOCUMENTATION_COMMENTS = YES;
				CLANG_WARN_EMPTY_BODY = YES;
				CLANG_WARN_ENUM_CONVERSION = YES;
				CLANG_WARN_INFINITE_RECURSION = YES;
				CLANG_WARN_INT_CONVERSION = YES;
				CLANG_WARN_NON_LITERAL_NULL_CONVERSION = YES;
				CLANG_WARN_OBJC_IMPLICIT_RETAIN_SELF = YES;
				CLANG_WARN_OBJC_LITERAL_CONVERSION = YES;
				CLANG_WARN_OBJC_ROOT_CLASS = YES_ERROR;
				CLANG_WARN_RANGE_LOOP_ANALYSIS = YES;
				CLANG_WARN_STRICT_PROTOTYPES = YES;
				CLANG_WARN_SUSPICIOUS_MOVE = YES;
				CLANG_WARN_UNGUARDED_AVAILABILITY = YES_AGGRESSIVE;
				CLANG_WARN_UNREACHABLE_CODE = YES;
				CLANG_WARN__DUPLICATE_METHOD_MATCH = YES;
				CODE_SIGN_IDENTITY = "iPhone Developer";
				COPY_PHASE_STRIP = NO;
				DEBUG_INFORMATION_FORMAT = dwarf;
				ENABLE_STRICT_OBJC_MSGSEND = YES;
				ENABLE_TESTABILITY = YES;
				GCC_C_LANGUAGE_STANDARD = gnu11;
				GCC_DYNAMIC_NO_PIC = NO;
				GCC_NO_COMMON_BLOCKS = YES;
				GCC_OPTIMIZATION_LEVEL = 0;
				GCC_PREPROCESSOR_DEFINITIONS = (
					"DEBUG=1",
					"$(inherited)",
				);
				GCC_WARN_64_TO_32_BIT_CONVERSION = YES;
				GCC_WARN_ABOUT_RETURN_TYPE = YES_ERROR;
				GCC_WARN_UNDECLARED_SELECTOR = YES;
				GCC_WARN_UNINITIALIZED_AUTOS = YES_AGGRESSIVE;
				GCC_WARN_UNUSED_FUNCTION = YES;
				GCC_WARN_UNUSED_VARIABLE = YES;
				IPHONEOS_DEPLOYMENT_TARGET = 11.4;
				MTL_ENABLE_DEBUG_INFO = YES;
				ONLY_ACTIVE_ARCH = YES;
				SDKROOT = iphoneos;
				SWIFT_ACTIVE_COMPILATION_CONDITIONS = DEBUG;
				SWIFT_OPTIMIZATION_LEVEL = "-Onone";
			};
			name = Debug;
		};
		063292D0216E171B00F69128 /* Release */ = {
			isa = XCBuildConfiguration;
			buildSettings = {
				ALWAYS_SEARCH_USER_PATHS = NO;
				CLANG_ANALYZER_NONNULL = YES;
				CLANG_ANALYZER_NUMBER_OBJECT_CONVERSION = YES_AGGRESSIVE;
				CLANG_CXX_LANGUAGE_STANDARD = "gnu++14";
				CLANG_CXX_LIBRARY = "libc++";
				CLANG_ENABLE_MODULES = YES;
				CLANG_ENABLE_OBJC_ARC = YES;
				CLANG_ENABLE_OBJC_WEAK = YES;
				CLANG_WARN_BLOCK_CAPTURE_AUTORELEASING = YES;
				CLANG_WARN_BOOL_CONVERSION = YES;
				CLANG_WARN_COMMA = YES;
				CLANG_WARN_CONSTANT_CONVERSION = YES;
				CLANG_WARN_DEPRECATED_OBJC_IMPLEMENTATIONS = YES;
				CLANG_WARN_DIRECT_OBJC_ISA_USAGE = YES_ERROR;
				CLANG_WARN_DOCUMENTATION_COMMENTS = YES;
				CLANG_WARN_EMPTY_BODY = YES;
				CLANG_WARN_ENUM_CONVERSION = YES;
				CLANG_WARN_INFINITE_RECURSION = YES;
				CLANG_WARN_INT_CONVERSION = YES;
				CLANG_WARN_NON_LITERAL_NULL_CONVERSION = YES;
				CLANG_WARN_OBJC_IMPLICIT_RETAIN_SELF = YES;
				CLANG_WARN_OBJC_LITERAL_CONVERSION = YES;
				CLANG_WARN_OBJC_ROOT_CLASS = YES_ERROR;
				CLANG_WARN_RANGE_LOOP_ANALYSIS = YES;
				CLANG_WARN_STRICT_PROTOTYPES = YES;
				CLANG_WARN_SUSPICIOUS_MOVE = YES;
				CLANG_WARN_UNGUARDED_AVAILABILITY = YES_AGGRESSIVE;
				CLANG_WARN_UNREACHABLE_CODE = YES;
				CLANG_WARN__DUPLICATE_METHOD_MATCH = YES;
				CODE_SIGN_IDENTITY = "iPhone Developer";
				COPY_PHASE_STRIP = NO;
				DEBUG_INFORMATION_FORMAT = "dwarf-with-dsym";
				ENABLE_NS_ASSERTIONS = NO;
				ENABLE_STRICT_OBJC_MSGSEND = YES;
				GCC_C_LANGUAGE_STANDARD = gnu11;
				GCC_NO_COMMON_BLOCKS = YES;
				GCC_WARN_64_TO_32_BIT_CONVERSION = YES;
				GCC_WARN_ABOUT_RETURN_TYPE = YES_ERROR;
				GCC_WARN_UNDECLARED_SELECTOR = YES;
				GCC_WARN_UNINITIALIZED_AUTOS = YES_AGGRESSIVE;
				GCC_WARN_UNUSED_FUNCTION = YES;
				GCC_WARN_UNUSED_VARIABLE = YES;
				IPHONEOS_DEPLOYMENT_TARGET = 11.4;
				MTL_ENABLE_DEBUG_INFO = NO;
				SDKROOT = iphoneos;
				SWIFT_COMPILATION_MODE = wholemodule;
				SWIFT_OPTIMIZATION_LEVEL = "-O";
				VALIDATE_PRODUCT = YES;
			};
			name = Release;
		};
		063292D2216E171B00F69128 /* Debug */ = {
			isa = XCBuildConfiguration;
			buildSettings = {
				ASSETCATALOG_COMPILER_APPICON_NAME = AppIcon;
				CODE_SIGN_STYLE = Automatic;
				INFOPLIST_FILE = ex02/Info.plist;
				LD_RUNPATH_SEARCH_PATHS = (
					"$(inherited)",
					"@executable_path/Frameworks",
				);
				PRODUCT_BUNDLE_IDENTIFIER = com.mnaidoo.ex02;
				PRODUCT_NAME = "$(TARGET_NAME)";
				SWIFT_VERSION = 4.0;
				TARGETED_DEVICE_FAMILY = "1,2";
			};
			name = Debug;
		};
		063292D3216E171B00F69128 /* Release */ = {
			isa = XCBuildConfiguration;
			buildSettings = {
				ASSETCATALOG_COMPILER_APPICON_NAME = AppIcon;
				CODE_SIGN_STYLE = Automatic;
				INFOPLIST_FILE = ex02/Info.plist;
				LD_RUNPATH_SEARCH_PATHS = (
					"$(inherited)",
					"@executable_path/Frameworks",
				);
				PRODUCT_BUNDLE_IDENTIFIER = com.mnaidoo.ex02;
				PRODUCT_NAME = "$(TARGET_NAME)";
				SWIFT_VERSION = 4.0;
				TARGETED_DEVICE_FAMILY = "1,2";
			};
			name = Release;
		};
		063292D5216E171B00F69128 /* Debug */ = {
			isa = XCBuildConfiguration;
			buildSettings = {
				ALWAYS_EMBED_SWIFT_STANDARD_LIBRARIES = YES;
				BUNDLE_LOADER = "$(TEST_HOST)";
				CODE_SIGN_STYLE = Automatic;
				INFOPLIST_FILE = ex02Tests/Info.plist;
				LD_RUNPATH_SEARCH_PATHS = (
					"$(inherited)",
					"@executable_path/Frameworks",
					"@loader_path/Frameworks",
				);
				PRODUCT_BUNDLE_IDENTIFIER = com.mnaidoo.ex02Tests;
				PRODUCT_NAME = "$(TARGET_NAME)";
				SWIFT_VERSION = 4.0;
				TARGETED_DEVICE_FAMILY = "1,2";
				TEST_HOST = "$(BUILT_PRODUCTS_DIR)/ex02.app/ex02";
			};
			name = Debug;
		};
		063292D6216E171B00F69128 /* Release */ = {
			isa = XCBuildConfiguration;
			buildSettings = {
				ALWAYS_EMBED_SWIFT_STANDARD_LIBRARIES = YES;
				BUNDLE_LOADER = "$(TEST_HOST)";
				CODE_SIGN_STYLE = Automatic;
				INFOPLIST_FILE = ex02Tests/Info.plist;
				LD_RUNPATH_SEARCH_PATHS = (
					"$(inherited)",
					"@executable_path/Frameworks",
					"@loader_path/Frameworks",
				);
				PRODUCT_BUNDLE_IDENTIFIER = com.mnaidoo.ex02Tests;
				PRODUCT_NAME = "$(TARGET_NAME)";
				SWIFT_VERSION = 4.0;
				TARGETED_DEVICE_FAMILY = "1,2";
				TEST_HOST = "$(BUILT_PRODUCTS_DIR)/ex02.app/ex02";
			};
			name = Release;
		};
		063292D8216E171B00F69128 /* Debug */ = {
			isa = XCBuildConfiguration;
			buildSettings = {
				ALWAYS_EMBED_SWIFT_STANDARD_LIBRARIES = YES;
				CODE_SIGN_STYLE = Automatic;
				INFOPLIST_FILE = ex02UITests/Info.plist;
				LD_RUNPATH_SEARCH_PATHS = (
					"$(inherited)",
					"@executable_path/Frameworks",
					"@loader_path/Frameworks",
				);
				PRODUCT_BUNDLE_IDENTIFIER = com.mnaidoo.ex02UITests;
				PRODUCT_NAME = "$(TARGET_NAME)";
				SWIFT_VERSION = 4.0;
				TARGETED_DEVICE_FAMILY = "1,2";
				TEST_TARGET_NAME = ex02;
			};
			name = Debug;
		};
		063292D9216E171B00F69128 /* Release */ = {
			isa = XCBuildConfiguration;
			buildSettings = {
				ALWAYS_EMBED_SWIFT_STANDARD_LIBRARIES = YES;
				CODE_SIGN_STYLE = Automatic;
				INFOPLIST_FILE = ex02UITests/Info.plist;
				LD_RUNPATH_SEARCH_PATHS = (
					"$(inherited)",
					"@executable_path/Frameworks",
					"@loader_path/Frameworks",
				);
				PRODUCT_BUNDLE_IDENTIFIER = com.mnaidoo.ex02UITests;
				PRODUCT_NAME = "$(TARGET_NAME)";
				SWIFT_VERSION = 4.0;
				TARGETED_DEVICE_FAMILY = "1,2";
				TEST_TARGET_NAME = ex02;
			};
			name = Release;
		};
/* End XCBuildConfiguration section */

/* Begin XCConfigurationList section */
		063292A4216E171A00F69128 /* Build configuration list for PBXProject "ex02" */ = {
			isa = XCConfigurationList;
			buildConfigurations = (
				063292CF216E171B00F69128 /* Debug */,
				063292D0216E171B00F69128 /* Release */,
			);
			defaultConfigurationIsVisible = 0;
			defaultConfigurationName = Release;
		};
		063292D1216E171B00F69128 /* Build configuration list for PBXNativeTarget "ex02" */ = {
			isa = XCConfigurationList;
			buildConfigurations = (
				063292D2216E171B00F69128 /* Debug */,
				063292D3216E171B00F69128 /* Release */,
			);
			defaultConfigurationIsVisible = 0;
			defaultConfigurationName = Release;
		};
		063292D4216E171B00F69128 /* Build configuration list for PBXNativeTarget "ex02Tests" */ = {
			isa = XCConfigurationList;
			buildConfigurations = (
				063292D5216E171B00F69128 /* Debug */,
				063292D6216E171B00F69128 /* Release */,
			);
			defaultConfigurationIsVisible = 0;
			defaultConfigurationName = Release;
		};
		063292D7216E171B00F69128 /* Build configuration list for PBXNativeTarget "ex02UITests" */ = {
			isa = XCConfigurationList;
			buildConfigurations = (
				063292D8216E171B00F69128 /* Debug */,
				063292D9216E171B00F69128 /* Release */,
			);
			defaultConfigurationIsVisible = 0;
			defaultConfigurationName = Release;
		};
/* End XCConfigurationList section */
	};
	rootObject = 063292A1216E171A00F69128 /* Project object */;
}
